<?xml version="1.0" encoding="utf-8"?>
<Project ToolsVersion="4.0" xmlns="http://schemas.microsoft.com/developer/msbuild/2003">
  <ItemGroup>
    <Filter Include="Source Files">
      <UniqueIdentifier>{4FC737F1-C7A5-4376-A066-2A32D752A2FF}</UniqueIdentifier>
      <Extensions>cpp;c;cc;cxx;def;odl;idl;hpj;bat;asm;asmx</Extensions>
    </Filter>
    <Filter Include="Header Files">
      <UniqueIdentifier>{93995380-89BD-4b04-88EB-625FBE52EBFB}</UniqueIdentifier>
      <Extensions>h;hpp;hxx;hm;inl;inc;xsd</Extensions>
    </Filter>
    <Filter Include="Resource Files">
      <UniqueIdentifier>{67DA6AB6-F800-4c08-8B7A-83BB121AAD01}</UniqueIdentifier>
      <Extensions>rc;ico;cur;bmp;dlg;rc2;rct;bin;rgs;gif;jpg;jpeg;jpe;resx;tiff;tif;png;wav</Extensions>
    </Filter>
    <Filter Include="Blocks">
      <UniqueIdentifier>{ADF48086-1841-4367-A5B6-7621FC63A58A}</UniqueIdentifier>
    </Filter>
    <Filter Include="Blocks\Cinder-Hap2">
      <UniqueIdentifier>{3246FB53-F25F-4DB5-86D4-FF36890E6E9B}</UniqueIdentifier>
    </Filter>
    <Filter Include="Blocks\Cinder-Hap2\src">
      <UniqueIdentifier>{453F93B6-20CF-442A-B2C7-1E5DF73CEACC}</UniqueIdentifier>
    </Filter>
    <Filter Include="Blocks\ImGui">
      <UniqueIdentifier>{68AA6AED-7A75-45DF-9324-95767FF31525}</UniqueIdentifier>
    </Filter>
    <Filter Include="Blocks\ImGui\include">
      <UniqueIdentifier>{AD67DB24-506F-48B2-BFB1-5EC6075C0956}</UniqueIdentifier>
    </Filter>
    <Filter Include="Blocks\ImGui\lib">
      <UniqueIdentifier>{1FB45CB0-5F7D-4D06-9AE8-F16AFF92C8DE}</UniqueIdentifier>
    </Filter>
    <Filter Include="Blocks\ImGui\lib\imgui">
      <UniqueIdentifier>{FB820960-7996-4307-AF5B-06D0B2978034}</UniqueIdentifier>
    </Filter>
    <Filter Include="Blocks\ImGui\src">
      <UniqueIdentifier>{9C5AA7ED-67DF-4F8E-A643-0A87949A0E1F}</UniqueIdentifier>
    </Filter>
    <Filter Include="Blocks\Midi2">
      <UniqueIdentifier>{4B03DD0A-A102-40D3-AB18-520F5948A0C0}</UniqueIdentifier>
    </Filter>
    <Filter Include="Blocks\Midi2\include">
      <UniqueIdentifier>{BABEF4AD-921A-4122-A9B2-D0FC0EA8C5E5}</UniqueIdentifier>
    </Filter>
    <Filter Include="Blocks\Midi2\lib">
      <UniqueIdentifier>{4FB73797-1726-4C1C-921A-F22A056BD4A7}</UniqueIdentifier>
    </Filter>
    <Filter Include="Blocks\Midi2\src">
      <UniqueIdentifier>{657C4539-0E85-46C7-847C-F8070DE22596}</UniqueIdentifier>
    </Filter>
    <Filter Include="Blocks\Videodromm">
      <UniqueIdentifier>{C5827000-74CC-47F1-92A1-CC06052D3352}</UniqueIdentifier>
    </Filter>
    <Filter Include="Blocks\Videodromm\include">
      <UniqueIdentifier>{50BBF3AF-577F-4BD5-96E8-0AFD1139D74F}</UniqueIdentifier>
    </Filter>
    <Filter Include="Blocks\Videodromm\src">
      <UniqueIdentifier>{DCB21CB1-810C-4480-8BF7-3655A711EBE2}</UniqueIdentifier>
    </Filter>
    <Filter Include="Blocks\Videodromm-Fbos">
      <UniqueIdentifier>{D842F2E6-FA45-41BC-87B4-34A3974F761C}</UniqueIdentifier>
    </Filter>
    <Filter Include="Blocks\Videodromm-Fbos\include">
      <UniqueIdentifier>{54896E20-1323-4DEB-9C0D-B0A6D74B683E}</UniqueIdentifier>
    </Filter>
    <Filter Include="Blocks\Videodromm-Fbos\src">
      <UniqueIdentifier>{C73FF0DA-B757-4C02-955F-BEDFD1A74817}</UniqueIdentifier>
    </Filter>
    <Filter Include="Blocks\Videodromm-Router">
      <UniqueIdentifier>{F8FF303E-3690-4FD1-8F10-D1264B92E118}</UniqueIdentifier>
    </Filter>
    <Filter Include="Blocks\Videodromm-Router\include">
      <UniqueIdentifier>{451A53F5-6594-454A-AB77-731FE94DFAEF}</UniqueIdentifier>
    </Filter>
    <Filter Include="Blocks\Videodromm-Router\src">
      <UniqueIdentifier>{5FC45B2C-74C4-4BB1-9C47-06759EF7934E}</UniqueIdentifier>
    </Filter>
    <Filter Include="Blocks\Videodromm-Textures">
      <UniqueIdentifier>{645A95FC-CC22-4BFC-A67D-C84F5684D20C}</UniqueIdentifier>
    </Filter>
    <Filter Include="Blocks\Videodromm-Textures\include">
      <UniqueIdentifier>{ED660347-1B0B-4B8F-93D7-7B4ECD8C8E33}</UniqueIdentifier>
    </Filter>
    <Filter Include="Blocks\Videodromm-Textures\src">
      <UniqueIdentifier>{4946D31B-E892-4C64-B038-88B5E252B9A1}</UniqueIdentifier>
    </Filter>
    <Filter Include="Blocks\Videodromm-UI">
      <UniqueIdentifier>{D048F9CF-9E14-4F8D-BFA9-3BBB829EAB9D}</UniqueIdentifier>
    </Filter>
    <Filter Include="Blocks\Videodromm-UI\include">
      <UniqueIdentifier>{0C24229E-BC6D-4925-8C27-5D3ED4DBA381}</UniqueIdentifier>
    </Filter>
    <Filter Include="Blocks\Videodromm-UI\src">
      <UniqueIdentifier>{E564AEEB-9A2D-4A43-8BB9-1BF7630E26EA}</UniqueIdentifier>
    </Filter>
    <Filter Include="Blocks\Videodromm-Warps">
      <UniqueIdentifier>{DEF6949F-FF9A-405F-8977-8A2145EB9210}</UniqueIdentifier>
    </Filter>
    <Filter Include="Blocks\Videodromm-Warps\include">
      <UniqueIdentifier>{B6872737-7040-4B16-87E6-EE073AB3C7C5}</UniqueIdentifier>
    </Filter>
    <Filter Include="Blocks\Videodromm-Warps\src">
      <UniqueIdentifier>{E2E148A4-0B6A-4802-8CFA-9F46A5B699DB}</UniqueIdentifier>
    </Filter>
    <Filter Include="Blocks\Cinder-Warping">
      <UniqueIdentifier>{36058312-82DC-4C5B-B95C-B9D59F8FB10B}</UniqueIdentifier>
    </Filter>
    <Filter Include="Blocks\Cinder-Warping\include">
      <UniqueIdentifier>{24EA5E31-C164-41DE-8AE0-CC4E00BBBEA5}</UniqueIdentifier>
    </Filter>
    <Filter Include="Blocks\Cinder-Warping\src">
      <UniqueIdentifier>{85F37C16-2AE5-479A-884F-ABA879D2548A}</UniqueIdentifier>
    </Filter>
    <Filter Include="Blocks\Cinder-WebSocketPP">
      <UniqueIdentifier>{97D0BE0E-9583-48E9-8984-C17E166C775D}</UniqueIdentifier>
    </Filter>
    <Filter Include="Blocks\Cinder-WebSocketPP\src">
      <UniqueIdentifier>{5E105611-F625-4901-947D-364FF506FA26}</UniqueIdentifier>
    </Filter>
    <Filter Include="Blocks\OSC">
      <UniqueIdentifier>{574D5EE4-5980-4A2C-93CC-CAAB902F98E8}</UniqueIdentifier>
    </Filter>
    <Filter Include="Blocks\OSC\src">
      <UniqueIdentifier>{B03C056E-CB2F-4608-BE46-2A93A5ABAF0A}</UniqueIdentifier>
    </Filter>
    <Filter Include="Blocks\UnionJack">
      <UniqueIdentifier>{725FF8D5-63B0-4372-827D-AD315149C912}</UniqueIdentifier>
    </Filter>
    <Filter Include="Blocks\UnionJack\include">
      <UniqueIdentifier>{62410307-AA5A-4795-89BE-550B3046D8FC}</UniqueIdentifier>
    </Filter>
    <Filter Include="Blocks\UnionJack\src">
      <UniqueIdentifier>{CFE910C6-E91F-4119-8A97-ABD657A0BC97}</UniqueIdentifier>
    </Filter>
    <Filter Include="debug">
      <UniqueIdentifier>{a913c567-4ab1-4076-adf0-8bb4ea3f6407}</UniqueIdentifier>
    </Filter>
  </ItemGroup>
  <ItemGroup>
    <ClCompile Include="..\src\VideodrommControllerApp.cpp">
      <Filter>Source Files</Filter>
    </ClCompile>
    <ClInclude Include="..\include\Resources.h">
      <Filter>Header Files</Filter>
    </ClInclude>
    <ClCompile Include="..\src\VideodrommControllerApp.cpp">
      <Filter>Source Files</Filter>
    </ClCompile>
    <ClCompile Include="..\..\..\Cinder\blocks\Cinder-Hap2\src\MovieHap.cpp">
      <Filter>Blocks\Cinder-Hap2\src</Filter>
    </ClCompile>
    <ClCompile Include="..\..\..\Cinder\blocks\Cinder-Hap2\src\HapSupport.c">
      <Filter>Blocks\Cinder-Hap2\src</Filter>
    </ClCompile>
    <ClInclude Include="..\..\..\Cinder\blocks\Cinder-Hap2\src\HapSupport.h">
      <Filter>Blocks\Cinder-Hap2\src</Filter>
    </ClInclude>
    <ClInclude Include="..\..\..\Cinder\blocks\Cinder-Hap2\src\MovieHap.h">
      <Filter>Blocks\Cinder-Hap2\src</Filter>
    </ClInclude>
    <ClInclude Include="..\..\..\Cinder\blocks\Cinder-ImGui\include\CinderImGui.h">
      <Filter>Blocks\ImGui\include</Filter>
    </ClInclude>
    <ClInclude Include="..\..\..\Cinder\blocks\Cinder-ImGui\include\imgui_user.h">
      <Filter>Blocks\ImGui\include</Filter>
    </ClInclude>
    <ClInclude Include="..\..\..\Cinder\blocks\Cinder-ImGui\include\imgui_user.inl">
      <Filter>Blocks\ImGui\include</Filter>
    </ClInclude>
    <ClInclude Include="..\..\..\Cinder\blocks\Cinder-ImGui\lib\imgui\imconfig.h">
      <Filter>Blocks\ImGui\lib\imgui</Filter>
    </ClInclude>
    <ClInclude Include="..\..\..\Cinder\blocks\Cinder-ImGui\lib\imgui\imgui.h">
      <Filter>Blocks\ImGui\lib\imgui</Filter>
    </ClInclude>
    <ClInclude Include="..\..\..\Cinder\blocks\Cinder-ImGui\lib\imgui\imgui_internal.h">
      <Filter>Blocks\ImGui\lib\imgui</Filter>
    </ClInclude>
    <ClCompile Include="..\..\..\Cinder\blocks\Cinder-ImGui\src\CinderImGui.cpp">
      <Filter>Blocks\ImGui\src</Filter>
    </ClCompile>
    <ClCompile Include="..\..\..\Cinder\blocks\Cinder-ImGui\lib\imgui\imgui.cpp">
      <Filter>Blocks\ImGui\lib\imgui</Filter>
    </ClCompile>
    <ClCompile Include="..\..\..\Cinder\blocks\Cinder-ImGui\lib\imgui\imgui_draw.cpp">
      <Filter>Blocks\ImGui\lib\imgui</Filter>
    </ClCompile>
    <ClCompile Include="..\..\..\Cinder\blocks\Cinder-ImGui\lib\imgui\imgui_demo.cpp">
      <Filter>Blocks\ImGui\lib\imgui</Filter>
    </ClCompile>
    <ClInclude Include="..\..\..\Cinder\blocks\Cinder-MIDI2\include\CinderMidi.h">
      <Filter>Blocks\Midi2\include</Filter>
    </ClInclude>
    <ClInclude Include="..\..\..\Cinder\blocks\Cinder-MIDI2\include\MidiExceptions.h">
      <Filter>Blocks\Midi2\include</Filter>
    </ClInclude>
    <ClInclude Include="..\..\..\Cinder\blocks\Cinder-MIDI2\include\MidiHub.h">
      <Filter>Blocks\Midi2\include</Filter>
    </ClInclude>
    <ClInclude Include="..\..\..\Cinder\blocks\Cinder-MIDI2\include\MidiOut.h">
      <Filter>Blocks\Midi2\include</Filter>
    </ClInclude>
    <ClInclude Include="..\..\..\Cinder\blocks\Cinder-MIDI2\lib\RtMidi.h">
      <Filter>Blocks\Midi2\lib</Filter>
    </ClInclude>
    <ClCompile Include="..\..\..\Cinder\blocks\Cinder-MIDI2\lib\RtMidi.cpp">
      <Filter>Blocks\Midi2\lib</Filter>
    </ClCompile>
    <ClCompile Include="..\..\..\Cinder\blocks\Cinder-MIDI2\src\MidiHub.cpp">
      <Filter>Blocks\Midi2\src</Filter>
    </ClCompile>
    <ClCompile Include="..\..\..\Cinder\blocks\Cinder-MIDI2\src\CinderMidi.cpp">
      <Filter>Blocks\Midi2\src</Filter>
    </ClCompile>
    <ClCompile Include="..\..\..\Cinder\blocks\Cinder-MIDI2\src\MidiOut.cpp">
      <Filter>Blocks\Midi2\src</Filter>
    </ClCompile>
    <ClInclude Include="..\..\..\Cinder\blocks\Cinder-Videodromm\include\LiveParam.h">
      <Filter>Blocks\Videodromm\include</Filter>
    </ClInclude>
    <ClInclude Include="..\..\..\Cinder\blocks\Cinder-Videodromm\include\VDAnimation.h">
      <Filter>Blocks\Videodromm\include</Filter>
    </ClInclude>
    <ClInclude Include="..\..\..\Cinder\blocks\Cinder-Videodromm\include\VDLog.h">
      <Filter>Blocks\Videodromm\include</Filter>
    </ClInclude>
    <ClInclude Include="..\..\..\Cinder\blocks\Cinder-Videodromm\include\VDSession.h">
      <Filter>Blocks\Videodromm\include</Filter>
    </ClInclude>
    <ClInclude Include="..\..\..\Cinder\blocks\Cinder-Videodromm\include\VDSettings.h">
      <Filter>Blocks\Videodromm\include</Filter>
    </ClInclude>
    <ClInclude Include="..\..\..\Cinder\blocks\Cinder-Videodromm\include\VDUtils.h">
      <Filter>Blocks\Videodromm\include</Filter>
    </ClInclude>
    <ClInclude Include="..\..\..\Cinder\blocks\Cinder-Videodromm\include\Watchdog.h">
      <Filter>Blocks\Videodromm\include</Filter>
    </ClInclude>
    <ClCompile Include="..\..\..\Cinder\blocks\Cinder-Videodromm\src\LiveParam.cpp">
      <Filter>Blocks\Videodromm\src</Filter>
    </ClCompile>
    <ClCompile Include="..\..\..\Cinder\blocks\Cinder-Videodromm\src\VDAnimation.cpp">
      <Filter>Blocks\Videodromm\src</Filter>
    </ClCompile>
    <ClCompile Include="..\..\..\Cinder\blocks\Cinder-Videodromm\src\VDLog.cpp">
      <Filter>Blocks\Videodromm\src</Filter>
    </ClCompile>
    <ClCompile Include="..\..\..\Cinder\blocks\Cinder-Videodromm\src\VDSession.cpp">
      <Filter>Blocks\Videodromm\src</Filter>
    </ClCompile>
    <ClCompile Include="..\..\..\Cinder\blocks\Cinder-Videodromm\src\VDSettings.cpp">
      <Filter>Blocks\Videodromm\src</Filter>
    </ClCompile>
    <ClCompile Include="..\..\..\Cinder\blocks\Cinder-Videodromm\src\VDUtils.cpp">
      <Filter>Blocks\Videodromm\src</Filter>
    </ClCompile>
    <ClInclude Include="..\..\..\Cinder\blocks\Cinder-Videodromm-Fbos\include\VDFbo.h">
      <Filter>Blocks\Videodromm-Fbos\include</Filter>
    </ClInclude>
    <ClInclude Include="..\..\..\Cinder\blocks\Cinder-Videodromm-Fbos\include\VDMix.h">
      <Filter>Blocks\Videodromm-Fbos\include</Filter>
    </ClInclude>
    <ClCompile Include="..\..\..\Cinder\blocks\Cinder-Videodromm-Fbos\src\VDFbo.cpp">
      <Filter>Blocks\Videodromm-Fbos\src</Filter>
    </ClCompile>
    <ClCompile Include="..\..\..\Cinder\blocks\Cinder-Videodromm-Fbos\src\VDMix.cpp">
      <Filter>Blocks\Videodromm-Fbos\src</Filter>
    </ClCompile>
    <ClInclude Include="..\..\..\Cinder\blocks\Cinder-Videodromm-Router\include\VDRouter.h">
      <Filter>Blocks\Videodromm-Router\include</Filter>
    </ClInclude>
    <ClCompile Include="..\..\..\Cinder\blocks\Cinder-Videodromm-Router\src\VDRouter.cpp">
      <Filter>Blocks\Videodromm-Router\src</Filter>
    </ClCompile>
    <ClInclude Include="..\..\..\Cinder\blocks\Cinder-Videodromm-Textures\include\VDTexture.h">
      <Filter>Blocks\Videodromm-Textures\include</Filter>
    </ClInclude>
    <ClCompile Include="..\..\..\Cinder\blocks\Cinder-Videodromm-Textures\src\VDTexture.cpp">
      <Filter>Blocks\Videodromm-Textures\src</Filter>
    </ClCompile>
    <ClInclude Include="..\..\..\Cinder\blocks\Cinder-Videodromm-UI\include\VDConsole.h">
      <Filter>Blocks\Videodromm-UI\include</Filter>
    </ClInclude>
    <ClCompile Include="..\..\..\Cinder\blocks\Cinder-Videodromm-UI\src\VDConsole.cpp">
      <Filter>Blocks\Videodromm-UI\src</Filter>
    </ClCompile>
    <ClInclude Include="..\..\..\Cinder\blocks\Cinder-Videodromm-Warps\include\VDWarp.h">
      <Filter>Blocks\Videodromm-Warps\include</Filter>
    </ClInclude>
    <ClCompile Include="..\..\..\Cinder\blocks\Cinder-Videodromm-Warps\src\VDWarp.cpp">
      <Filter>Blocks\Videodromm-Warps\src</Filter>
    </ClCompile>
    <ClInclude Include="..\..\..\Cinder\blocks\Cinder-Warping\include\Warp.h">
      <Filter>Blocks\Cinder-Warping\include</Filter>
    </ClInclude>
    <ClCompile Include="..\..\..\Cinder\blocks\Cinder-Warping\src\Warp.cpp">
      <Filter>Blocks\Cinder-Warping\src</Filter>
    </ClCompile>
    <ClCompile Include="..\..\..\Cinder\blocks\Cinder-Warping\src\WarpBilinear.cpp">
      <Filter>Blocks\Cinder-Warping\src</Filter>
    </ClCompile>
    <ClCompile Include="..\..\..\Cinder\blocks\Cinder-Warping\src\WarpPerspective.cpp">
      <Filter>Blocks\Cinder-Warping\src</Filter>
    </ClCompile>
    <ClCompile Include="..\..\..\Cinder\blocks\Cinder-Warping\src\WarpPerspectiveBilinear.cpp">
      <Filter>Blocks\Cinder-Warping\src</Filter>
    </ClCompile>
    <ClCompile Include="..\..\..\Cinder\blocks\Cinder-WebSocketPP\src\WebSocketClient.cpp">
      <Filter>Blocks\Cinder-WebSocketPP\src</Filter>
    </ClCompile>
    <ClCompile Include="..\..\..\Cinder\blocks\Cinder-WebSocketPP\src\WebSocketConnection.cpp">
      <Filter>Blocks\Cinder-WebSocketPP\src</Filter>
    </ClCompile>
    <ClCompile Include="..\..\..\Cinder\blocks\Cinder-WebSocketPP\src\WebSocketServer.cpp">
      <Filter>Blocks\Cinder-WebSocketPP\src</Filter>
    </ClCompile>
    <ClInclude Include="..\..\..\Cinder\blocks\Cinder-WebSocketPP\src\WebSocketClient.h">
      <Filter>Blocks\Cinder-WebSocketPP\src</Filter>
    </ClInclude>
    <ClInclude Include="..\..\..\Cinder\blocks\Cinder-WebSocketPP\src\WebSocketConnection.h">
      <Filter>Blocks\Cinder-WebSocketPP\src</Filter>
    </ClInclude>
    <ClInclude Include="..\..\..\Cinder\blocks\Cinder-WebSocketPP\src\WebSocketServer.h">
      <Filter>Blocks\Cinder-WebSocketPP\src</Filter>
    </ClInclude>
    <ClCompile Include="..\..\..\Cinder\blocks\OSC\src\Osc.cpp">
      <Filter>Blocks\OSC\src</Filter>
    </ClCompile>
    <ClInclude Include="..\..\..\Cinder\blocks\OSC\src\Osc.h">
      <Filter>Blocks\OSC\src</Filter>
    </ClInclude>
    <ClInclude Include="..\..\..\Cinder\blocks\UnionJack\include\UnionJack.h">
      <Filter>Blocks\UnionJack\include</Filter>
    </ClInclude>
    <ClCompile Include="..\..\..\Cinder\blocks\UnionJack\src\UnionJack.cpp">
      <Filter>Blocks\UnionJack\src</Filter>
    </ClCompile>
    <ClCompile Include="..\..\..\Cinder\blocks\Cinder-Videodromm-Fbos\src\VDShaders.cpp">
      <Filter>Blocks\Videodromm-Fbos\src</Filter>
    </ClCompile>
    <ClCompile Include="..\..\..\Cinder\blocks\Cinder-Videodromm-UI\src\VDUI.cpp">
      <Filter>Blocks\Videodromm-UI\src</Filter>
    </ClCompile>
    <ClCompile Include="..\..\..\Cinder\blocks\Cinder-Videodromm-UI\src\VDUIFbos.cpp">
      <Filter>Blocks\Videodromm-UI\src</Filter>
    </ClCompile>
    <ClCompile Include="..\..\..\Cinder\blocks\Cinder-Videodromm-UI\src\VDUITextures.cpp">
      <Filter>Blocks\Videodromm-UI\src</Filter>
    </ClCompile>
    <ClCompile Include="..\..\..\Cinder\blocks\Cinder-Videodromm-UI\src\VDUIAnimation.cpp">
      <Filter>Blocks\Videodromm-UI\src</Filter>
    </ClCompile>
    <ClCompile Include="..\..\..\Cinder\blocks\Cinder-Videodromm-UI\src\VDUIAudio.cpp">
      <Filter>Blocks\Videodromm-UI\src</Filter>
    </ClCompile>
    <ClCompile Include="..\..\..\Cinder\blocks\Cinder-Videodromm-UI\src\VDUIBlend.cpp">
      <Filter>Blocks\Videodromm-UI\src</Filter>
    </ClCompile>
    <ClCompile Include="..\..\..\Cinder\blocks\Cinder-Videodromm-UI\src\VDUIMidi.cpp">
      <Filter>Blocks\Videodromm-UI\src</Filter>
    </ClCompile>
    <ClCompile Include="..\..\..\Cinder\blocks\Cinder-Videodromm-UI\src\VDUITempo.cpp">
      <Filter>Blocks\Videodromm-UI\src</Filter>
    </ClCompile>
  </ItemGroup>
  <ItemGroup>
    <ClInclude Include="..\include\Resources.h">
      <Filter>Header Files</Filter>
    </ClInclude>
    <ClInclude Include="..\include\VideodrommControllerApp.h">
      <Filter>Header Files</Filter>
    </ClInclude>
    <ClInclude Include="..\..\..\Cinder\blocks\Cinder-Videodromm-Fbos\include\VDShaders.h">
      <Filter>Blocks\Videodromm-Fbos\include</Filter>
    </ClInclude>
    <ClInclude Include="..\..\..\Cinder\blocks\Cinder-Videodromm-UI\include\VDUI.h">
      <Filter>Blocks\Videodromm-UI\include</Filter>
    </ClInclude>
    <ClInclude Include="..\..\..\Cinder\blocks\Cinder-Videodromm-UI\include\VDUIFbos.h">
      <Filter>Blocks\Videodromm-UI\include</Filter>
    </ClInclude>
    <ClInclude Include="..\..\..\Cinder\blocks\Cinder-Videodromm-UI\include\VDUITextures.h">
      <Filter>Blocks\Videodromm-UI\include</Filter>
    </ClInclude>
    <ClInclude Include="..\..\..\Cinder\blocks\Cinder-Videodromm-UI\include\VDUIAnimation.h">
      <Filter>Blocks\Videodromm-UI\include</Filter>
    </ClInclude>
    <ClInclude Include="..\..\..\Cinder\blocks\Cinder-Videodromm-UI\include\VDUIAudio.h">
      <Filter>Blocks\Videodromm-UI\include</Filter>
    </ClInclude>
    <ClInclude Include="..\..\..\Cinder\blocks\Cinder-Videodromm-UI\include\VDUIBlend.h">
      <Filter>Blocks\Videodromm-UI\include</Filter>
    </ClInclude>
    <ClInclude Include="..\..\..\Cinder\blocks\Cinder-Videodromm-UI\include\VDUIMidi.h">
      <Filter>Blocks\Videodromm-UI\include</Filter>
    </ClInclude>
    <ClInclude Include="..\..\..\Cinder\blocks\Cinder-Videodromm-UI\include\VDUITempo.h">
      <Filter>Blocks\Videodromm-UI\include</Filter>
    </ClInclude>
  </ItemGroup>
  <ItemGroup>
    <ResourceCompile Include="Resources.rc">
      <Filter>Resource Files</Filter>
    </ResourceCompile>
  </ItemGroup>
  <ItemGroup>
    <Xml Include="Debug\VDSettings.xml">
      <Filter>debug</Filter>
    </Xml>
  </ItemGroup>
</Project>