// !$*UTF8*$!
{
	archiveVersion = 1;
	classes = {
	};
	objectVersion = 46;
	objects = {

/* Begin PBXBuildFile section */
		006D720419952D00008149E2 /* AVFoundation.framework in Frameworks */ = {isa = PBXBuildFile; fileRef = 006D720219952D00008149E2 /* AVFoundation.framework */; };
		006D720519952D00008149E2 /* CoreMedia.framework in Frameworks */ = {isa = PBXBuildFile; fileRef = 006D720319952D00008149E2 /* CoreMedia.framework */; };
		0091D8F90E81B9330029341E /* OpenGL.framework in Frameworks */ = {isa = PBXBuildFile; fileRef = 0091D8F80E81B9330029341E /* OpenGL.framework */; };
		00B784B30FF439BC000DE1D7 /* Accelerate.framework in Frameworks */ = {isa = PBXBuildFile; fileRef = 00B784AF0FF439BC000DE1D7 /* Accelerate.framework */; };
		00B784B40FF439BC000DE1D7 /* AudioToolbox.framework in Frameworks */ = {isa = PBXBuildFile; fileRef = 00B784B00FF439BC000DE1D7 /* AudioToolbox.framework */; };
		00B784B50FF439BC000DE1D7 /* AudioUnit.framework in Frameworks */ = {isa = PBXBuildFile; fileRef = 00B784B10FF439BC000DE1D7 /* AudioUnit.framework */; };
		00B784B60FF439BC000DE1D7 /* CoreAudio.framework in Frameworks */ = {isa = PBXBuildFile; fileRef = 00B784B20FF439BC000DE1D7 /* CoreAudio.framework */; };
		00B9955A1B128DF400A5C623 /* IOKit.framework in Frameworks */ = {isa = PBXBuildFile; fileRef = 00B995581B128DF400A5C623 /* IOKit.framework */; };
		00B9955B1B128DF400A5C623 /* IOSurface.framework in Frameworks */ = {isa = PBXBuildFile; fileRef = 00B995591B128DF400A5C623 /* IOSurface.framework */; };
		5323E6B20EAFCA74003A9687 /* CoreVideo.framework in Frameworks */ = {isa = PBXBuildFile; fileRef = 5323E6B10EAFCA74003A9687 /* CoreVideo.framework */; };
		8D11072F0486CEB800E47090 /* Cocoa.framework in Frameworks */ = {isa = PBXBuildFile; fileRef = 1058C7A1FEA54F0111CA2CBB /* Cocoa.framework */; };
		6E9065CF12C44427B4DCD29C /* Syphon.framework in CopyFiles */ = {isa = PBXBuildFile; fileRef = C3C0E3E80D4E4BB4896770A6 /* Syphon.framework */; };
		F6E5EC39EDA440A5A46406E8 /* UnionJack.cpp in Sources */ = {isa = PBXBuildFile; fileRef = 574B9F8E0D4C4C449E70AA7E /* UnionJack.cpp */; };
		75648D31AB8F414B912FF94B /* UnionJack.h in Headers */ = {isa = PBXBuildFile; fileRef = ABBDEDD8A1904F0ABB15440E /* UnionJack.h */; };
		823CAEA726C54F12B5994883 /* Osc.h in Headers */ = {isa = PBXBuildFile; fileRef = 0636EABB920349728110894E /* Osc.h */; };
		C08F0FEFE30D4BFAAD458B09 /* Osc.cpp in Sources */ = {isa = PBXBuildFile; fileRef = BDCAD22A27FF47A4AD880093 /* Osc.cpp */; };
		96D51297783A49B3BD1E7265 /* WebSocketServer.h in Headers */ = {isa = PBXBuildFile; fileRef = E095A2CB32704AA3ABBDC797 /* WebSocketServer.h */; };
		E1ACE1428F7E4439ABE230A2 /* WebSocketConnection.h in Headers */ = {isa = PBXBuildFile; fileRef = EE3C3FDA8DFC41EEB5956CB5 /* WebSocketConnection.h */; };
		5F695D7CC67C4730A5589696 /* WebSocketClient.h in Headers */ = {isa = PBXBuildFile; fileRef = E94FC6BBD45A445180DC335E /* WebSocketClient.h */; };
		F4BB6625E8EE4972A542D24A /* WebSocketServer.cpp in Sources */ = {isa = PBXBuildFile; fileRef = 4FC62541CA744321BFE8630C /* WebSocketServer.cpp */; };
		7999E0D86CCE484DAAEB14AB /* WebSocketConnection.cpp in Sources */ = {isa = PBXBuildFile; fileRef = EA641D213C0244CEA5E37205 /* WebSocketConnection.cpp */; };
		9D83518A1DA24EC6AAA02470 /* WebSocketClient.cpp in Sources */ = {isa = PBXBuildFile; fileRef = 5F4B36CD68A24F54A6B867BD /* WebSocketClient.cpp */; };
		8EE63A7DED4543A990D29F89 /* WarpPerspectiveBilinear.cpp in Sources */ = {isa = PBXBuildFile; fileRef = 2AAB24E8503D49EB9318BA6C /* WarpPerspectiveBilinear.cpp */; };
		D0CAD51FC3254029BDD30FAB /* WarpPerspective.cpp in Sources */ = {isa = PBXBuildFile; fileRef = 29BB659B03B84BFAB2B94186 /* WarpPerspective.cpp */; };
		0B382EAE646046C796B2A6DF /* WarpBilinear.cpp in Sources */ = {isa = PBXBuildFile; fileRef = C8496DAACA07421FA68E66FC /* WarpBilinear.cpp */; };
		A6BD7E785D4F43EFA51FC292 /* Warp.cpp in Sources */ = {isa = PBXBuildFile; fileRef = 240EC8EE448146ACABF1E62D /* Warp.cpp */; };
		291EF94EC80F450EBE9635A0 /* Warp.h in Headers */ = {isa = PBXBuildFile; fileRef = A134407708C94B3299D3DC6F /* Warp.h */; };
		C654D20B7DD14845967233AE /* VDWarp.cpp in Sources */ = {isa = PBXBuildFile; fileRef = 3D7CD7D89F604F58AE37F367 /* VDWarp.cpp */; };
		AEE284DCDDF0487696AACEF8 /* VDWarp.h in Headers */ = {isa = PBXBuildFile; fileRef = 0E4D002D94E54716A0992ACA /* VDWarp.h */; };
		A373D76A86E649AFA3A0EC85 /* VDConsole.cpp in Sources */ = {isa = PBXBuildFile; fileRef = B1DE6E6FDD9F4DBEA6A34B92 /* VDConsole.cpp */; };
		88262FF473D948DCABEB5D6C /* VDConsole.h in Headers */ = {isa = PBXBuildFile; fileRef = 11B8E8D134B14101BBD87844 /* VDConsole.h */; };
		B0353BB5E6BA4FA4BDFCDCFD /* VDTexture.cpp in Sources */ = {isa = PBXBuildFile; fileRef = 3C440304B2F84B6A874194B3 /* VDTexture.cpp */; };
		A204B062C7E44529A7B4E0E6 /* VDTexture.h in Headers */ = {isa = PBXBuildFile; fileRef = 2C06F00943064D0CA4BDF236 /* VDTexture.h */; };
		4EC3ACD9444945BFBEDE974F /* VDRouter.cpp in Sources */ = {isa = PBXBuildFile; fileRef = F463D47F78A14948BDC2A611 /* VDRouter.cpp */; };
		03FE8A91BF0C41E78CA0E220 /* VDRouter.h in Headers */ = {isa = PBXBuildFile; fileRef = F7E1E8DFA40041E18511A0EA /* VDRouter.h */; };
		E4A4A78EE3A14863B98DFCC0 /* VDHapCodecMovie.cpp in Sources */ = {isa = PBXBuildFile; fileRef = 6DD9BCB9A46E4811BD37B6E3 /* VDHapCodecMovie.cpp */; };
		4FEFB6B00F5F4D67833B5DAA /* VDHapCodecMovie.h in Headers */ = {isa = PBXBuildFile; fileRef = 96353C0DB3AA435DBB46890F /* VDHapCodecMovie.h */; };
		60A9E54038874FE5A19043D8 /* VDMix.cpp in Sources */ = {isa = PBXBuildFile; fileRef = 594B54B2B02F4412A58B57A5 /* VDMix.cpp */; };
		3E40108004B9423B98CE6FBC /* VDFbo.cpp in Sources */ = {isa = PBXBuildFile; fileRef = E02C15D0854246268AE1D88B /* VDFbo.cpp */; };
		204EFB3C91B642959393BEE0 /* VDMix.h in Headers */ = {isa = PBXBuildFile; fileRef = 7502FB9CB3CB4EF4A8A61862 /* VDMix.h */; };
		8C7BF65DCF2F49549E03E3F8 /* VDFbo.h in Headers */ = {isa = PBXBuildFile; fileRef = 49CD2B57A2404A00BBA367FB /* VDFbo.h */; };
		53A1A2CE3AB84470A5F75497 /* VDUtils.cpp in Sources */ = {isa = PBXBuildFile; fileRef = BA98212AD7234C998C846E7A /* VDUtils.cpp */; };
		14C3655866CD420C95AF323A /* VDSettings.cpp in Sources */ = {isa = PBXBuildFile; fileRef = E0C2F4BAF6104610AC3CA9C2 /* VDSettings.cpp */; };
		110A4B562EFA4E0E8652D26B /* VDSession.cpp in Sources */ = {isa = PBXBuildFile; fileRef = F34C385CDE4E4B80A80F21C0 /* VDSession.cpp */; };
		C8F080341E794695B1A4262F /* VDLog.cpp in Sources */ = {isa = PBXBuildFile; fileRef = 76A41D2CDD87408486CC5FEB /* VDLog.cpp */; };
		07027704B8B6452C9DC7E864 /* VDAnimation.cpp in Sources */ = {isa = PBXBuildFile; fileRef = 4C14AAF2A712470C9667401D /* VDAnimation.cpp */; };
		C24B869508574A60A4F9D64E /* LiveParam.cpp in Sources */ = {isa = PBXBuildFile; fileRef = 0450C1FB89E04908961E2F47 /* LiveParam.cpp */; };
		526779B479AE460B98B516CD /* Watchdog.h in Headers */ = {isa = PBXBuildFile; fileRef = BC096F3CD0664C56AE727434 /* Watchdog.h */; };
		1E87B0E7177C48E19ABF07C5 /* VDUtils.h in Headers */ = {isa = PBXBuildFile; fileRef = 4A0D6C97D66A4541908EEE53 /* VDUtils.h */; };
		8A637C44A3074A1392CAFA16 /* VDSettings.h in Headers */ = {isa = PBXBuildFile; fileRef = 683DD9D8AB684B78A6736943 /* VDSettings.h */; };
		8C12E93CA0C2425C83798F63 /* VDSession.h in Headers */ = {isa = PBXBuildFile; fileRef = BB252D29A89A45EDB977B8B5 /* VDSession.h */; };
		8E7CBF39B5F84B6A876AA71F /* VDLog.h in Headers */ = {isa = PBXBuildFile; fileRef = A6233D23A06749B7AE278F50 /* VDLog.h */; };
		8B19833AF4024F0F9D0F53C1 /* VDAnimation.h in Headers */ = {isa = PBXBuildFile; fileRef = E1F86E3386EB4C8C9A12B733 /* VDAnimation.h */; };
		D135005CC3024483809F0BAA /* LiveParam.h in Headers */ = {isa = PBXBuildFile; fileRef = FC92B0F43DAA4E7D9C65EE8D /* LiveParam.h */; };
		9B7BB1AA5CE74A688911A77A /* Syphon.framework in Frameworks */ = {isa = PBXBuildFile; fileRef = C3C0E3E80D4E4BB4896770A6 /* Syphon.framework */; };
		F12031C71FF345C2A8341AC2 /* SyphonNameboundClient.m in Sources */ = {isa = PBXBuildFile; fileRef = 1972BFA01C774610B53C17C4 /* SyphonNameboundClient.m */; };
		E489C00D21DB4186A24EFB0B /* SyphonNameboundClient.h in Headers */ = {isa = PBXBuildFile; fileRef = 43F5B54E036F4525BCB40434 /* SyphonNameboundClient.h */; };
		437F16DAC1BC475297E26512 /* syphonServerDirectory.mm in Sources */ = {isa = PBXBuildFile; fileRef = 419D50511C664891BD2BE384 /* syphonServerDirectory.mm */; };
		575AF88458EF49BCA9A54A36 /* syphonServer.mm in Sources */ = {isa = PBXBuildFile; fileRef = D50987DEAE034C63BD0F45AE /* syphonServer.mm */; };
		FB22A37012A947028D50446C /* syphonClient.mm in Sources */ = {isa = PBXBuildFile; fileRef = C0CD9E883AF641EAAE7735C0 /* syphonClient.mm */; };
		5DDEA28FD9C14C46A837FF20 /* syphonServerDirectory.h in Headers */ = {isa = PBXBuildFile; fileRef = F5C4D4404C4D415F947FC1A8 /* syphonServerDirectory.h */; };
		4C8E15572F6B449FA11C5CD1 /* syphonServer.h in Headers */ = {isa = PBXBuildFile; fileRef = 021D57E7A970428F9F619B46 /* syphonServer.h */; };
		369AE5875C994CB0A88C98A9 /* syphonClient.h in Headers */ = {isa = PBXBuildFile; fileRef = 991C2BE324644F6F91560FD3 /* syphonClient.h */; };
		3AA473276198410A85711218 /* cinderSyphon.h in Headers */ = {isa = PBXBuildFile; fileRef = 3864016C2528427188A4C830 /* cinderSyphon.h */; };
		5B3493D7C72147649943528D /* CoreMIDI.framework in Frameworks */ = {isa = PBXBuildFile; fileRef = 95AC6664718B45668E04CF69 /* CoreMIDI.framework */; };
		2FA124D9A50D414797AA60AE /* MidiOut.cpp in Sources */ = {isa = PBXBuildFile; fileRef = E5A52ACCDBB8482A8AFEAF12 /* MidiOut.cpp */; };
		D8CDC3E004D444D8B83DB48F /* CinderMidi.cpp in Sources */ = {isa = PBXBuildFile; fileRef = DB65E0F3F7F44D1FB01C33D3 /* CinderMidi.cpp */; };
		361BC22260C4440AB3FA9D79 /* MidiHub.cpp in Sources */ = {isa = PBXBuildFile; fileRef = 1E00D320C570474EA732A78A /* MidiHub.cpp */; };
		66FC0A623D774A0282E922BE /* RtMidi.cpp in Sources */ = {isa = PBXBuildFile; fileRef = B65BFF3A48A54C938CD28544 /* RtMidi.cpp */; };
		D0BD1F2239434D6F80B64FA8 /* RtMidi.h in Headers */ = {isa = PBXBuildFile; fileRef = 596C194CFB9546438527AA6A /* RtMidi.h */; };
		CEAD3713A8DD46639099A35D /* MidiOut.h in Headers */ = {isa = PBXBuildFile; fileRef = 51AD43347DA94291AD23E1E8 /* MidiOut.h */; };
		5985A84E2A5D4ADABB3F289A /* MidiHub.h in Headers */ = {isa = PBXBuildFile; fileRef = 8D10A136929B4CBD8986D848 /* MidiHub.h */; };
		94BD1CB7AC3348AFBBC5C0F7 /* MidiExceptions.h in Headers */ = {isa = PBXBuildFile; fileRef = 8BFE490D3A594C5394BE52A8 /* MidiExceptions.h */; };
		6E7EA5074BED4DBFAAB733F6 /* CinderMidi.h in Headers */ = {isa = PBXBuildFile; fileRef = 624ACE3B815247AA9F4FDE4B /* CinderMidi.h */; };
		B0E828A2EF0240BBB955CB72 /* imgui_demo.cpp in Sources */ = {isa = PBXBuildFile; fileRef = 88F556366D2D4A7480BA9C58 /* imgui_demo.cpp */; };
		9FE2C041186E4136814F5974 /* imgui_draw.cpp in Sources */ = {isa = PBXBuildFile; fileRef = 7073A23694044A1D85C00E32 /* imgui_draw.cpp */; };
		1280035D20184FC8A1A9B933 /* imgui.cpp in Sources */ = {isa = PBXBuildFile; fileRef = A30A910EE65D4392B17D8568 /* imgui.cpp */; };
		24A5B1E0C56445FBA9270C98 /* CinderImGui.cpp in Sources */ = {isa = PBXBuildFile; fileRef = 18251BE93C864B2CAEBD1BE8 /* CinderImGui.cpp */; };
		E2DF12B2E857425FBCC9458D /* imgui_internal.h in Headers */ = {isa = PBXBuildFile; fileRef = A53DF77DEF4B446CB2C101E7 /* imgui_internal.h */; };
		696A76608DD04978A2E8BD66 /* imgui.h in Headers */ = {isa = PBXBuildFile; fileRef = DEBB3E40C42B46638A12FB54 /* imgui.h */; };
		D1E1A2825E8F4C00B3D0243E /* imconfig.h in Headers */ = {isa = PBXBuildFile; fileRef = 03EAAE895F6641DEA63375E0 /* imconfig.h */; };
		0CF200F39F9C42968F1651D3 /* imgui_user.inl in Headers */ = {isa = PBXBuildFile; fileRef = BBA2BC3E8C1E4D8CB6D38CFD /* imgui_user.inl */; };
		4FB2533F61B147DE8A697E37 /* imgui_user.h in Headers */ = {isa = PBXBuildFile; fileRef = ED028DA90D1C42679156BF4C /* imgui_user.h */; };
		6F55651B15F44A64AEB84A2E /* CinderImGui.h in Headers */ = {isa = PBXBuildFile; fileRef = 876D4C74C2F94A568B7846F7 /* CinderImGui.h */; };
		9F1C81F8DA8F4E89A6517F60 /* QuickTime.framework in Frameworks */ = {isa = PBXBuildFile; fileRef = 31C3684C2B9F49C5A8D5EF8C /* QuickTime.framework */; };
		06229C8877C544CC9410F0A7 /* ScaledCoCgYToRGBA.frag in Resources */ = {isa = PBXBuildFile; fileRef = A2F696DDECF144358AD5DF9F /* ScaledCoCgYToRGBA.frag */; };
		B2B0D98883054D12924177C3 /* ScaledCoCgYToRGBA.vert in Resources */ = {isa = PBXBuildFile; fileRef = 897085DCC83D4DBB9CA05AA5 /* ScaledCoCgYToRGBA.vert */; };
		92B7CBB080BF4107B54BF6D4 /* MovieHap.h in Headers */ = {isa = PBXBuildFile; fileRef = E7219403DC974E06A7789C82 /* MovieHap.h */; };
		7165AC87F1AC482A9EB2E1AB /* HapSupport.h in Headers */ = {isa = PBXBuildFile; fileRef = E60255A354204B5F9A624A4D /* HapSupport.h */; };
		CCEC733F6D30487D97F8F999 /* HapSupport.c in Sources */ = {isa = PBXBuildFile; fileRef = B3449EB6D2424F48ADE1AD91 /* HapSupport.c */; };
		2E23062EFDB949DBACE5147C /* MovieHap.cpp in Sources */ = {isa = PBXBuildFile; fileRef = B9505BC2455945CAB8CD1AB7 /* MovieHap.cpp */; };
		0669140D376443E48D55EE9A /* VideodrommControllerApp.cpp in Sources */ = {isa = PBXBuildFile; fileRef = 7531D07B37044ACBB2EFEBD8 /* VideodrommControllerApp.cpp */; };
		19D0F035B4664316A7273105 /* VideodrommController_Prefix.pch in Headers */ = {isa = PBXBuildFile; fileRef = 8E55F497AE414AAF891AD348 /* VideodrommController_Prefix.pch */; };
		6961923FE3A541728374DCF4 /* CinderApp.icns in Resources */ = {isa = PBXBuildFile; fileRef = 7743EBFCBEC64522BCA8A620 /* CinderApp.icns */; };
		B885144ADFDC40D1BB0E23D9 /* Resources.h in Headers */ = {isa = PBXBuildFile; fileRef = 7CE90041528A46338B0A5BFA /* Resources.h */; };
/* End PBXBuildFile section */

/* Begin PBXFileReference section */
		006D720219952D00008149E2 /* AVFoundation.framework */ = {isa = PBXFileReference; lastKnownFileType = wrapper.framework; name = AVFoundation.framework; path = System/Library/Frameworks/AVFoundation.framework; sourceTree = SDKROOT; };
		006D720319952D00008149E2 /* CoreMedia.framework */ = {isa = PBXFileReference; lastKnownFileType = wrapper.framework; name = CoreMedia.framework; path = System/Library/Frameworks/CoreMedia.framework; sourceTree = SDKROOT; };
		0091D8F80E81B9330029341E /* OpenGL.framework */ = {isa = PBXFileReference; lastKnownFileType = wrapper.framework; name = OpenGL.framework; path = /System/Library/Frameworks/OpenGL.framework; sourceTree = "<absolute>"; };
		00B784AF0FF439BC000DE1D7 /* Accelerate.framework */ = {isa = PBXFileReference; lastKnownFileType = wrapper.framework; name = Accelerate.framework; path = System/Library/Frameworks/Accelerate.framework; sourceTree = SDKROOT; };
		00B784B00FF439BC000DE1D7 /* AudioToolbox.framework */ = {isa = PBXFileReference; lastKnownFileType = wrapper.framework; name = AudioToolbox.framework; path = System/Library/Frameworks/AudioToolbox.framework; sourceTree = SDKROOT; };
		00B784B10FF439BC000DE1D7 /* AudioUnit.framework */ = {isa = PBXFileReference; lastKnownFileType = wrapper.framework; name = AudioUnit.framework; path = System/Library/Frameworks/AudioUnit.framework; sourceTree = SDKROOT; };
		00B784B20FF439BC000DE1D7 /* CoreAudio.framework */ = {isa = PBXFileReference; lastKnownFileType = wrapper.framework; name = CoreAudio.framework; path = System/Library/Frameworks/CoreAudio.framework; sourceTree = SDKROOT; };
		00B995581B128DF400A5C623 /* IOKit.framework */ = {isa = PBXFileReference; lastKnownFileType = wrapper.framework; name = IOKit.framework; path = System/Library/Frameworks/IOKit.framework; sourceTree = SDKROOT; };
		00B995591B128DF400A5C623 /* IOSurface.framework */ = {isa = PBXFileReference; lastKnownFileType = wrapper.framework; name = IOSurface.framework; path = System/Library/Frameworks/IOSurface.framework; sourceTree = SDKROOT; };
		1058C7A1FEA54F0111CA2CBB /* Cocoa.framework */ = {isa = PBXFileReference; lastKnownFileType = wrapper.framework; name = Cocoa.framework; path = /System/Library/Frameworks/Cocoa.framework; sourceTree = "<absolute>"; };
		29B97324FDCFA39411CA2CEA /* AppKit.framework */ = {isa = PBXFileReference; lastKnownFileType = wrapper.framework; name = AppKit.framework; path = /System/Library/Frameworks/AppKit.framework; sourceTree = "<absolute>"; };
		29B97325FDCFA39411CA2CEA /* Foundation.framework */ = {isa = PBXFileReference; lastKnownFileType = wrapper.framework; name = Foundation.framework; path = /System/Library/Frameworks/Foundation.framework; sourceTree = "<absolute>"; };
		5323E6B10EAFCA74003A9687 /* CoreVideo.framework */ = {isa = PBXFileReference; lastKnownFileType = wrapper.framework; name = CoreVideo.framework; path = /System/Library/Frameworks/CoreVideo.framework; sourceTree = "<absolute>"; };
		8D1107320486CEB800E47090 /* VideodrommController.app */ = {isa = PBXFileReference; explicitFileType = wrapper.application; includeInIndex = 0; path = VideodrommController.app; sourceTree = BUILT_PRODUCTS_DIR; };
		7CE90041528A46338B0A5BFA /* Resources.h */ = {isa = PBXFileReference; lastKnownFileType = sourcecode.c.h; path = ../include/Resources.h; sourceTree = "<group>"; name = Resources.h; };
		7743EBFCBEC64522BCA8A620 /* CinderApp.icns */ = {isa = PBXFileReference; lastKnownFileType = image.icns; path = ../resources/CinderApp.icns; sourceTree = "<group>"; name = CinderApp.icns; };
		268B05713D3F45DEAE62ABB3 /* Info.plist */ = {isa = PBXFileReference; lastKnownFileType = text.plist.xml; path = Info.plist; sourceTree = "<group>"; name = Info.plist; };
		8E55F497AE414AAF891AD348 /* VideodrommController_Prefix.pch */ = {isa = PBXFileReference; lastKnownFileType = "\"\""; path = VideodrommController_Prefix.pch; sourceTree = "<group>"; name = VideodrommController_Prefix.pch; };
		7531D07B37044ACBB2EFEBD8 /* VideodrommControllerApp.cpp */ = {isa = PBXFileReference; lastKnownFileType = sourcecode.c.cpp; path = ../src/VideodrommControllerApp.cpp; sourceTree = "<group>"; name = VideodrommControllerApp.cpp; };
		B9505BC2455945CAB8CD1AB7 /* MovieHap.cpp */ = {isa = PBXFileReference; lastKnownFileType = sourcecode.c.cpp; path = "../../../Cinder/blocks/Cinder-Hap2/src/MovieHap.cpp"; sourceTree = "<group>"; name = MovieHap.cpp; };
		B3449EB6D2424F48ADE1AD91 /* HapSupport.c */ = {isa = PBXFileReference; lastKnownFileType = "\"\""; path = "../../../Cinder/blocks/Cinder-Hap2/src/HapSupport.c"; sourceTree = "<group>"; name = HapSupport.c; };
		E60255A354204B5F9A624A4D /* HapSupport.h */ = {isa = PBXFileReference; lastKnownFileType = sourcecode.c.h; path = "../../../Cinder/blocks/Cinder-Hap2/src/HapSupport.h"; sourceTree = "<group>"; name = HapSupport.h; };
		E7219403DC974E06A7789C82 /* MovieHap.h */ = {isa = PBXFileReference; lastKnownFileType = sourcecode.c.h; path = "../../../Cinder/blocks/Cinder-Hap2/src/MovieHap.h"; sourceTree = "<group>"; name = MovieHap.h; };
		897085DCC83D4DBB9CA05AA5 /* ScaledCoCgYToRGBA.vert */ = {isa = PBXFileReference; lastKnownFileType = "\"\""; path = "../../../Cinder/blocks/Cinder-Hap2/resources/ScaledCoCgYToRGBA.vert"; sourceTree = "<group>"; name = ScaledCoCgYToRGBA.vert; };
		A2F696DDECF144358AD5DF9F /* ScaledCoCgYToRGBA.frag */ = {isa = PBXFileReference; lastKnownFileType = "\"\""; path = "../../../Cinder/blocks/Cinder-Hap2/resources/ScaledCoCgYToRGBA.frag"; sourceTree = "<group>"; name = ScaledCoCgYToRGBA.frag; };
		31C3684C2B9F49C5A8D5EF8C /* QuickTime.framework */ = {isa = PBXFileReference; lastKnownFileType = wrapper.framework; path = System/Library/Frameworks/QuickTime.framework; sourceTree = SDKROOT; name = QuickTime.framework; };
		876D4C74C2F94A568B7846F7 /* CinderImGui.h */ = {isa = PBXFileReference; lastKnownFileType = sourcecode.c.h; path = "../../../Cinder/blocks/Cinder-ImGui/include/CinderImGui.h"; sourceTree = "<group>"; name = CinderImGui.h; };
		ED028DA90D1C42679156BF4C /* imgui_user.h */ = {isa = PBXFileReference; lastKnownFileType = sourcecode.c.h; path = "../../../Cinder/blocks/Cinder-ImGui/include/imgui_user.h"; sourceTree = "<group>"; name = imgui_user.h; };
		BBA2BC3E8C1E4D8CB6D38CFD /* imgui_user.inl */ = {isa = PBXFileReference; lastKnownFileType = "\"\""; path = "../../../Cinder/blocks/Cinder-ImGui/include/imgui_user.inl"; sourceTree = "<group>"; name = imgui_user.inl; };
		03EAAE895F6641DEA63375E0 /* imconfig.h */ = {isa = PBXFileReference; lastKnownFileType = sourcecode.c.h; path = "../../../Cinder/blocks/Cinder-ImGui/lib/imgui/imconfig.h"; sourceTree = "<group>"; name = imconfig.h; };
		DEBB3E40C42B46638A12FB54 /* imgui.h */ = {isa = PBXFileReference; lastKnownFileType = sourcecode.c.h; path = "../../../Cinder/blocks/Cinder-ImGui/lib/imgui/imgui.h"; sourceTree = "<group>"; name = imgui.h; };
		A53DF77DEF4B446CB2C101E7 /* imgui_internal.h */ = {isa = PBXFileReference; lastKnownFileType = sourcecode.c.h; path = "../../../Cinder/blocks/Cinder-ImGui/lib/imgui/imgui_internal.h"; sourceTree = "<group>"; name = imgui_internal.h; };
		18251BE93C864B2CAEBD1BE8 /* CinderImGui.cpp */ = {isa = PBXFileReference; lastKnownFileType = sourcecode.c.cpp; path = "../../../Cinder/blocks/Cinder-ImGui/src/CinderImGui.cpp"; sourceTree = "<group>"; name = CinderImGui.cpp; };
		A30A910EE65D4392B17D8568 /* imgui.cpp */ = {isa = PBXFileReference; lastKnownFileType = sourcecode.c.cpp; path = "../../../Cinder/blocks/Cinder-ImGui/lib/imgui/imgui.cpp"; sourceTree = "<group>"; name = imgui.cpp; };
		7073A23694044A1D85C00E32 /* imgui_draw.cpp */ = {isa = PBXFileReference; lastKnownFileType = sourcecode.c.cpp; path = "../../../Cinder/blocks/Cinder-ImGui/lib/imgui/imgui_draw.cpp"; sourceTree = "<group>"; name = imgui_draw.cpp; };
		88F556366D2D4A7480BA9C58 /* imgui_demo.cpp */ = {isa = PBXFileReference; lastKnownFileType = sourcecode.c.cpp; path = "../../../Cinder/blocks/Cinder-ImGui/lib/imgui/imgui_demo.cpp"; sourceTree = "<group>"; name = imgui_demo.cpp; };
		624ACE3B815247AA9F4FDE4B /* CinderMidi.h */ = {isa = PBXFileReference; lastKnownFileType = sourcecode.c.h; path = "../../../Cinder/blocks/Cinder-MIDI2/include/CinderMidi.h"; sourceTree = "<group>"; name = CinderMidi.h; };
		8BFE490D3A594C5394BE52A8 /* MidiExceptions.h */ = {isa = PBXFileReference; lastKnownFileType = sourcecode.c.h; path = "../../../Cinder/blocks/Cinder-MIDI2/include/MidiExceptions.h"; sourceTree = "<group>"; name = MidiExceptions.h; };
		8D10A136929B4CBD8986D848 /* MidiHub.h */ = {isa = PBXFileReference; lastKnownFileType = sourcecode.c.h; path = "../../../Cinder/blocks/Cinder-MIDI2/include/MidiHub.h"; sourceTree = "<group>"; name = MidiHub.h; };
		51AD43347DA94291AD23E1E8 /* MidiOut.h */ = {isa = PBXFileReference; lastKnownFileType = sourcecode.c.h; path = "../../../Cinder/blocks/Cinder-MIDI2/include/MidiOut.h"; sourceTree = "<group>"; name = MidiOut.h; };
		596C194CFB9546438527AA6A /* RtMidi.h */ = {isa = PBXFileReference; lastKnownFileType = sourcecode.c.h; path = "../../../Cinder/blocks/Cinder-MIDI2/lib/RtMidi.h"; sourceTree = "<group>"; name = RtMidi.h; };
		B65BFF3A48A54C938CD28544 /* RtMidi.cpp */ = {isa = PBXFileReference; lastKnownFileType = sourcecode.c.cpp; path = "../../../Cinder/blocks/Cinder-MIDI2/lib/RtMidi.cpp"; sourceTree = "<group>"; name = RtMidi.cpp; };
		1E00D320C570474EA732A78A /* MidiHub.cpp */ = {isa = PBXFileReference; lastKnownFileType = sourcecode.c.cpp; path = "../../../Cinder/blocks/Cinder-MIDI2/src/MidiHub.cpp"; sourceTree = "<group>"; name = MidiHub.cpp; };
		DB65E0F3F7F44D1FB01C33D3 /* CinderMidi.cpp */ = {isa = PBXFileReference; lastKnownFileType = sourcecode.c.cpp; path = "../../../Cinder/blocks/Cinder-MIDI2/src/CinderMidi.cpp"; sourceTree = "<group>"; name = CinderMidi.cpp; };
		E5A52ACCDBB8482A8AFEAF12 /* MidiOut.cpp */ = {isa = PBXFileReference; lastKnownFileType = sourcecode.c.cpp; path = "../../../Cinder/blocks/Cinder-MIDI2/src/MidiOut.cpp"; sourceTree = "<group>"; name = MidiOut.cpp; };
		95AC6664718B45668E04CF69 /* CoreMIDI.framework */ = {isa = PBXFileReference; lastKnownFileType = wrapper.framework; path = System/Library/Frameworks/CoreMIDI.framework; sourceTree = SDKROOT; name = CoreMIDI.framework; };
		3864016C2528427188A4C830 /* cinderSyphon.h */ = {isa = PBXFileReference; lastKnownFileType = sourcecode.c.h; path = "../../../Cinder/blocks/Cinder-Syphon/src/cinderSyphon.h"; sourceTree = "<group>"; name = cinderSyphon.h; };
		991C2BE324644F6F91560FD3 /* syphonClient.h */ = {isa = PBXFileReference; lastKnownFileType = sourcecode.c.h; path = "../../../Cinder/blocks/Cinder-Syphon/src/syphonClient.h"; sourceTree = "<group>"; name = syphonClient.h; };
		021D57E7A970428F9F619B46 /* syphonServer.h */ = {isa = PBXFileReference; lastKnownFileType = sourcecode.c.h; path = "../../../Cinder/blocks/Cinder-Syphon/src/syphonServer.h"; sourceTree = "<group>"; name = syphonServer.h; };
		F5C4D4404C4D415F947FC1A8 /* syphonServerDirectory.h */ = {isa = PBXFileReference; lastKnownFileType = sourcecode.c.h; path = "../../../Cinder/blocks/Cinder-Syphon/src/syphonServerDirectory.h"; sourceTree = "<group>"; name = syphonServerDirectory.h; };
		C0CD9E883AF641EAAE7735C0 /* syphonClient.mm */ = {isa = PBXFileReference; lastKnownFileType = sourcecode.cpp.objcpp; path = "../../../Cinder/blocks/Cinder-Syphon/src/syphonClient.mm"; sourceTree = "<group>"; name = syphonClient.mm; };
		D50987DEAE034C63BD0F45AE /* syphonServer.mm */ = {isa = PBXFileReference; lastKnownFileType = sourcecode.cpp.objcpp; path = "../../../Cinder/blocks/Cinder-Syphon/src/syphonServer.mm"; sourceTree = "<group>"; name = syphonServer.mm; };
		419D50511C664891BD2BE384 /* syphonServerDirectory.mm */ = {isa = PBXFileReference; lastKnownFileType = sourcecode.cpp.objcpp; path = "../../../Cinder/blocks/Cinder-Syphon/src/syphonServerDirectory.mm"; sourceTree = "<group>"; name = syphonServerDirectory.mm; };
		43F5B54E036F4525BCB40434 /* SyphonNameboundClient.h */ = {isa = PBXFileReference; lastKnownFileType = sourcecode.c.h; path = "../../../Cinder/blocks/Cinder-Syphon/lib/SyphonNameboundClient.h"; sourceTree = "<group>"; name = SyphonNameboundClient.h; };
		1972BFA01C774610B53C17C4 /* SyphonNameboundClient.m */ = {isa = PBXFileReference; lastKnownFileType = "\"\""; path = "../../../Cinder/blocks/Cinder-Syphon/lib/SyphonNameboundClient.m"; sourceTree = "<group>"; name = SyphonNameboundClient.m; };
		C3C0E3E80D4E4BB4896770A6 /* Syphon.framework */ = {isa = PBXFileReference; lastKnownFileType = wrapper.framework; path = "../../../Cinder/blocks/Cinder-Syphon/lib/Syphon.framework"; sourceTree = "<group>"; name = Syphon.framework; };
		FC92B0F43DAA4E7D9C65EE8D /* LiveParam.h */ = {isa = PBXFileReference; lastKnownFileType = sourcecode.c.h; path = "../../../Cinder/blocks/Cinder-Videodromm/include/LiveParam.h"; sourceTree = "<group>"; name = LiveParam.h; };
		E1F86E3386EB4C8C9A12B733 /* VDAnimation.h */ = {isa = PBXFileReference; lastKnownFileType = sourcecode.c.h; path = "../../../Cinder/blocks/Cinder-Videodromm/include/VDAnimation.h"; sourceTree = "<group>"; name = VDAnimation.h; };
		A6233D23A06749B7AE278F50 /* VDLog.h */ = {isa = PBXFileReference; lastKnownFileType = sourcecode.c.h; path = "../../../Cinder/blocks/Cinder-Videodromm/include/VDLog.h"; sourceTree = "<group>"; name = VDLog.h; };
		BB252D29A89A45EDB977B8B5 /* VDSession.h */ = {isa = PBXFileReference; lastKnownFileType = sourcecode.c.h; path = "../../../Cinder/blocks/Cinder-Videodromm/include/VDSession.h"; sourceTree = "<group>"; name = VDSession.h; };
		683DD9D8AB684B78A6736943 /* VDSettings.h */ = {isa = PBXFileReference; lastKnownFileType = sourcecode.c.h; path = "../../../Cinder/blocks/Cinder-Videodromm/include/VDSettings.h"; sourceTree = "<group>"; name = VDSettings.h; };
		4A0D6C97D66A4541908EEE53 /* VDUtils.h */ = {isa = PBXFileReference; lastKnownFileType = sourcecode.c.h; path = "../../../Cinder/blocks/Cinder-Videodromm/include/VDUtils.h"; sourceTree = "<group>"; name = VDUtils.h; };
		BC096F3CD0664C56AE727434 /* Watchdog.h */ = {isa = PBXFileReference; lastKnownFileType = sourcecode.c.h; path = "../../../Cinder/blocks/Cinder-Videodromm/include/Watchdog.h"; sourceTree = "<group>"; name = Watchdog.h; };
		0450C1FB89E04908961E2F47 /* LiveParam.cpp */ = {isa = PBXFileReference; lastKnownFileType = sourcecode.c.cpp; path = "../../../Cinder/blocks/Cinder-Videodromm/src/LiveParam.cpp"; sourceTree = "<group>"; name = LiveParam.cpp; };
		4C14AAF2A712470C9667401D /* VDAnimation.cpp */ = {isa = PBXFileReference; lastKnownFileType = sourcecode.c.cpp; path = "../../../Cinder/blocks/Cinder-Videodromm/src/VDAnimation.cpp"; sourceTree = "<group>"; name = VDAnimation.cpp; };
		76A41D2CDD87408486CC5FEB /* VDLog.cpp */ = {isa = PBXFileReference; lastKnownFileType = sourcecode.c.cpp; path = "../../../Cinder/blocks/Cinder-Videodromm/src/VDLog.cpp"; sourceTree = "<group>"; name = VDLog.cpp; };
		F34C385CDE4E4B80A80F21C0 /* VDSession.cpp */ = {isa = PBXFileReference; lastKnownFileType = sourcecode.c.cpp; path = "../../../Cinder/blocks/Cinder-Videodromm/src/VDSession.cpp"; sourceTree = "<group>"; name = VDSession.cpp; };
		E0C2F4BAF6104610AC3CA9C2 /* VDSettings.cpp */ = {isa = PBXFileReference; lastKnownFileType = sourcecode.c.cpp; path = "../../../Cinder/blocks/Cinder-Videodromm/src/VDSettings.cpp"; sourceTree = "<group>"; name = VDSettings.cpp; };
		BA98212AD7234C998C846E7A /* VDUtils.cpp */ = {isa = PBXFileReference; lastKnownFileType = sourcecode.c.cpp; path = "../../../Cinder/blocks/Cinder-Videodromm/src/VDUtils.cpp"; sourceTree = "<group>"; name = VDUtils.cpp; };
		49CD2B57A2404A00BBA367FB /* VDFbo.h */ = {isa = PBXFileReference; lastKnownFileType = sourcecode.c.h; path = "../../../Cinder/blocks/Cinder-Videodromm-Fbos/include/VDFbo.h"; sourceTree = "<group>"; name = VDFbo.h; };
		7502FB9CB3CB4EF4A8A61862 /* VDMix.h */ = {isa = PBXFileReference; lastKnownFileType = sourcecode.c.h; path = "../../../Cinder/blocks/Cinder-Videodromm-Fbos/include/VDMix.h"; sourceTree = "<group>"; name = VDMix.h; };
		E02C15D0854246268AE1D88B /* VDFbo.cpp */ = {isa = PBXFileReference; lastKnownFileType = sourcecode.c.cpp; path = "../../../Cinder/blocks/Cinder-Videodromm-Fbos/src/VDFbo.cpp"; sourceTree = "<group>"; name = VDFbo.cpp; };
		594B54B2B02F4412A58B57A5 /* VDMix.cpp */ = {isa = PBXFileReference; lastKnownFileType = sourcecode.c.cpp; path = "../../../Cinder/blocks/Cinder-Videodromm-Fbos/src/VDMix.cpp"; sourceTree = "<group>"; name = VDMix.cpp; };
		96353C0DB3AA435DBB46890F /* VDHapCodecMovie.h */ = {isa = PBXFileReference; lastKnownFileType = sourcecode.c.h; path = "../../../Cinder/blocks/Cinder-Videodromm-HapCodecVideo/include/VDHapCodecMovie.h"; sourceTree = "<group>"; name = VDHapCodecMovie.h; };
		6DD9BCB9A46E4811BD37B6E3 /* VDHapCodecMovie.cpp */ = {isa = PBXFileReference; lastKnownFileType = sourcecode.c.cpp; path = "../../../Cinder/blocks/Cinder-Videodromm-HapCodecVideo/src/VDHapCodecMovie.cpp"; sourceTree = "<group>"; name = VDHapCodecMovie.cpp; };
		F7E1E8DFA40041E18511A0EA /* VDRouter.h */ = {isa = PBXFileReference; lastKnownFileType = sourcecode.c.h; path = "../../../Cinder/blocks/Cinder-Videodromm-Router/include/VDRouter.h"; sourceTree = "<group>"; name = VDRouter.h; };
		F463D47F78A14948BDC2A611 /* VDRouter.cpp */ = {isa = PBXFileReference; lastKnownFileType = sourcecode.c.cpp; path = "../../../Cinder/blocks/Cinder-Videodromm-Router/src/VDRouter.cpp"; sourceTree = "<group>"; name = VDRouter.cpp; };
		2C06F00943064D0CA4BDF236 /* VDTexture.h */ = {isa = PBXFileReference; lastKnownFileType = sourcecode.c.h; path = "../../../Cinder/blocks/Cinder-Videodromm-Textures/include/VDTexture.h"; sourceTree = "<group>"; name = VDTexture.h; };
		3C440304B2F84B6A874194B3 /* VDTexture.cpp */ = {isa = PBXFileReference; lastKnownFileType = sourcecode.c.cpp; path = "../../../Cinder/blocks/Cinder-Videodromm-Textures/src/VDTexture.cpp"; sourceTree = "<group>"; name = VDTexture.cpp; };
		11B8E8D134B14101BBD87844 /* VDConsole.h */ = {isa = PBXFileReference; lastKnownFileType = sourcecode.c.h; path = "../../../Cinder/blocks/Cinder-Videodromm-UI/include/VDConsole.h"; sourceTree = "<group>"; name = VDConsole.h; };
		B1DE6E6FDD9F4DBEA6A34B92 /* VDConsole.cpp */ = {isa = PBXFileReference; lastKnownFileType = sourcecode.c.cpp; path = "../../../Cinder/blocks/Cinder-Videodromm-UI/src/VDConsole.cpp"; sourceTree = "<group>"; name = VDConsole.cpp; };
		0E4D002D94E54716A0992ACA /* VDWarp.h */ = {isa = PBXFileReference; lastKnownFileType = sourcecode.c.h; path = "../../../Cinder/blocks/Cinder-Videodromm-Warps/include/VDWarp.h"; sourceTree = "<group>"; name = VDWarp.h; };
		3D7CD7D89F604F58AE37F367 /* VDWarp.cpp */ = {isa = PBXFileReference; lastKnownFileType = sourcecode.c.cpp; path = "../../../Cinder/blocks/Cinder-Videodromm-Warps/src/VDWarp.cpp"; sourceTree = "<group>"; name = VDWarp.cpp; };
		A134407708C94B3299D3DC6F /* Warp.h */ = {isa = PBXFileReference; lastKnownFileType = sourcecode.c.h; path = "../blocks/Cinder-Warping/include/Warp.h"; sourceTree = "<group>"; name = Warp.h; };
		240EC8EE448146ACABF1E62D /* Warp.cpp */ = {isa = PBXFileReference; lastKnownFileType = sourcecode.c.cpp; path = "../blocks/Cinder-Warping/src/Warp.cpp"; sourceTree = "<group>"; name = Warp.cpp; };
		C8496DAACA07421FA68E66FC /* WarpBilinear.cpp */ = {isa = PBXFileReference; lastKnownFileType = sourcecode.c.cpp; path = "../blocks/Cinder-Warping/src/WarpBilinear.cpp"; sourceTree = "<group>"; name = WarpBilinear.cpp; };
		29BB659B03B84BFAB2B94186 /* WarpPerspective.cpp */ = {isa = PBXFileReference; lastKnownFileType = sourcecode.c.cpp; path = "../blocks/Cinder-Warping/src/WarpPerspective.cpp"; sourceTree = "<group>"; name = WarpPerspective.cpp; };
		2AAB24E8503D49EB9318BA6C /* WarpPerspectiveBilinear.cpp */ = {isa = PBXFileReference; lastKnownFileType = sourcecode.c.cpp; path = "../blocks/Cinder-Warping/src/WarpPerspectiveBilinear.cpp"; sourceTree = "<group>"; name = WarpPerspectiveBilinear.cpp; };
		5F4B36CD68A24F54A6B867BD /* WebSocketClient.cpp */ = {isa = PBXFileReference; lastKnownFileType = sourcecode.c.cpp; path = "../../../Cinder/blocks/Cinder-WebSocketPP/src/WebSocketClient.cpp"; sourceTree = "<group>"; name = WebSocketClient.cpp; };
		EA641D213C0244CEA5E37205 /* WebSocketConnection.cpp */ = {isa = PBXFileReference; lastKnownFileType = sourcecode.c.cpp; path = "../../../Cinder/blocks/Cinder-WebSocketPP/src/WebSocketConnection.cpp"; sourceTree = "<group>"; name = WebSocketConnection.cpp; };
		4FC62541CA744321BFE8630C /* WebSocketServer.cpp */ = {isa = PBXFileReference; lastKnownFileType = sourcecode.c.cpp; path = "../../../Cinder/blocks/Cinder-WebSocketPP/src/WebSocketServer.cpp"; sourceTree = "<group>"; name = WebSocketServer.cpp; };
		E94FC6BBD45A445180DC335E /* WebSocketClient.h */ = {isa = PBXFileReference; lastKnownFileType = sourcecode.c.h; path = "../../../Cinder/blocks/Cinder-WebSocketPP/src/WebSocketClient.h"; sourceTree = "<group>"; name = WebSocketClient.h; };
		EE3C3FDA8DFC41EEB5956CB5 /* WebSocketConnection.h */ = {isa = PBXFileReference; lastKnownFileType = sourcecode.c.h; path = "../../../Cinder/blocks/Cinder-WebSocketPP/src/WebSocketConnection.h"; sourceTree = "<group>"; name = WebSocketConnection.h; };
		E095A2CB32704AA3ABBDC797 /* WebSocketServer.h */ = {isa = PBXFileReference; lastKnownFileType = sourcecode.c.h; path = "../../../Cinder/blocks/Cinder-WebSocketPP/src/WebSocketServer.h"; sourceTree = "<group>"; name = WebSocketServer.h; };
		BDCAD22A27FF47A4AD880093 /* Osc.cpp */ = {isa = PBXFileReference; lastKnownFileType = sourcecode.c.cpp; path = ../../../Cinder/blocks/OSC/src/Osc.cpp; sourceTree = "<group>"; name = Osc.cpp; };
		0636EABB920349728110894E /* Osc.h */ = {isa = PBXFileReference; lastKnownFileType = sourcecode.c.h; path = ../../../Cinder/blocks/OSC/src/Osc.h; sourceTree = "<group>"; name = Osc.h; };
		ABBDEDD8A1904F0ABB15440E /* UnionJack.h */ = {isa = PBXFileReference; lastKnownFileType = sourcecode.c.h; path = ../../../Cinder/blocks/UnionJack/include/UnionJack.h; sourceTree = "<group>"; name = UnionJack.h; };
		574B9F8E0D4C4C449E70AA7E /* UnionJack.cpp */ = {isa = PBXFileReference; lastKnownFileType = sourcecode.c.cpp; path = ../../../Cinder/blocks/UnionJack/src/UnionJack.cpp; sourceTree = "<group>"; name = UnionJack.cpp; };
/* End PBXFileReference section */

/* Begin PBXFrameworksBuildPhase section */
		8D11072E0486CEB800E47090 /* Frameworks */ = {
			isa = PBXFrameworksBuildPhase;
			buildActionMask = 2147483647;
			files = (
				006D720419952D00008149E2 /* AVFoundation.framework in Frameworks */,
				006D720519952D00008149E2 /* CoreMedia.framework in Frameworks */,
				8D11072F0486CEB800E47090 /* Cocoa.framework in Frameworks */,
				0091D8F90E81B9330029341E /* OpenGL.framework in Frameworks */,
				5323E6B20EAFCA74003A9687 /* CoreVideo.framework in Frameworks */,
				00B784B30FF439BC000DE1D7 /* Accelerate.framework in Frameworks */,
				00B784B40FF439BC000DE1D7 /* AudioToolbox.framework in Frameworks */,
				00B784B50FF439BC000DE1D7 /* AudioUnit.framework in Frameworks */,
				00B784B60FF439BC000DE1D7 /* CoreAudio.framework in Frameworks */,
				00B9955A1B128DF400A5C623 /* IOKit.framework in Frameworks */,
				00B9955B1B128DF400A5C623 /* IOSurface.framework in Frameworks */,
				9F1C81F8DA8F4E89A6517F60 /* QuickTime.framework in Frameworks */,
				5B3493D7C72147649943528D /* CoreMIDI.framework in Frameworks */,
				9B7BB1AA5CE74A688911A77A /* Syphon.framework in Frameworks */,
			);
			runOnlyForDeploymentPostprocessing = 0;
		};
/* End PBXFrameworksBuildPhase section */

/* Begin PBXGroup section */
		080E96DDFE201D6D7F000001 /* Source */ = {
			isa = PBXGroup;
			children = (
				7531D07B37044ACBB2EFEBD8 /* VideodrommControllerApp.cpp */,
			);
			name = Source;
			sourceTree = "<group>";
		};
		1058C7A0FEA54F0111CA2CBB /* Linked Frameworks */ = {
			isa = PBXGroup;
			children = (
				006D720219952D00008149E2 /* AVFoundation.framework */,
				006D720319952D00008149E2 /* CoreMedia.framework */,
				00B784AF0FF439BC000DE1D7 /* Accelerate.framework */,
				00B784B00FF439BC000DE1D7 /* AudioToolbox.framework */,
				00B784B10FF439BC000DE1D7 /* AudioUnit.framework */,
				00B784B20FF439BC000DE1D7 /* CoreAudio.framework */,
				5323E6B10EAFCA74003A9687 /* CoreVideo.framework */,
				0091D8F80E81B9330029341E /* OpenGL.framework */,
				1058C7A1FEA54F0111CA2CBB /* Cocoa.framework */,
				00B995581B128DF400A5C623 /* IOKit.framework */,
				00B995591B128DF400A5C623 /* IOSurface.framework */,
			);
			name = "Linked Frameworks";
			sourceTree = "<group>";
		};
		1058C7A2FEA54F0111CA2CBB /* Other Frameworks */ = {
			isa = PBXGroup;
			children = (
				29B97324FDCFA39411CA2CEA /* AppKit.framework */,
				29B97325FDCFA39411CA2CEA /* Foundation.framework */,
			);
			name = "Other Frameworks";
			sourceTree = "<group>";
		};
		19C28FACFE9D520D11CA2CBB /* Products */ = {
			isa = PBXGroup;
			children = (
				8D1107320486CEB800E47090 /* VideodrommController.app */,
			);
			name = Products;
			sourceTree = "<group>";
		};
		29B97314FDCFA39411CA2CEA /* VideodrommController */ = {
			isa = PBXGroup;
			children = (
				01B97315FEAEA392516A2CEA /* Blocks */,
				29B97315FDCFA39411CA2CEA /* Headers */,
				080E96DDFE201D6D7F000001 /* Source */,
				29B97317FDCFA39411CA2CEA /* Resources */,
				29B97323FDCFA39411CA2CEA /* Frameworks */,
				19C28FACFE9D520D11CA2CBB /* Products */,
			);
			name = VideodrommController;
			sourceTree = "<group>";
		};
		29D5D28107D04C16B1D8D35D /* src */ = {
			isa = PBXGroup;
			children = (
				B9505BC2455945CAB8CD1AB7 /* MovieHap.cpp */,
				B3449EB6D2424F48ADE1AD91 /* HapSupport.c */,
				E60255A354204B5F9A624A4D /* HapSupport.h */,
				E7219403DC974E06A7789C82 /* MovieHap.h */,
			);
			name = src;
			sourceTree = "<group>";
		};
		20C1357560EA4152B52DA4F6 /* resources */ = {
			isa = PBXGroup;
			children = (
				897085DCC83D4DBB9CA05AA5 /* ScaledCoCgYToRGBA.vert */,
				A2F696DDECF144358AD5DF9F /* ScaledCoCgYToRGBA.frag */,
			);
			name = resources;
			sourceTree = "<group>";
		};
		7D070D577C864565AB633F86 /* Cinder-Hap2 */ = {
			isa = PBXGroup;
			children = (
				29D5D28107D04C16B1D8D35D /* src */,
				20C1357560EA4152B52DA4F6 /* resources */,
			);
			name = "Cinder-Hap2";
			sourceTree = "<group>";
		};
		351737B42B2B4C848E166158 /* include */ = {
			isa = PBXGroup;
			children = (
				876D4C74C2F94A568B7846F7 /* CinderImGui.h */,
				ED028DA90D1C42679156BF4C /* imgui_user.h */,
				BBA2BC3E8C1E4D8CB6D38CFD /* imgui_user.inl */,
			);
			name = include;
			sourceTree = "<group>";
		};
		F9170EE377B547BD961538E7 /* imgui */ = {
			isa = PBXGroup;
			children = (
				03EAAE895F6641DEA63375E0 /* imconfig.h */,
				DEBB3E40C42B46638A12FB54 /* imgui.h */,
				A53DF77DEF4B446CB2C101E7 /* imgui_internal.h */,
				A30A910EE65D4392B17D8568 /* imgui.cpp */,
				7073A23694044A1D85C00E32 /* imgui_draw.cpp */,
				88F556366D2D4A7480BA9C58 /* imgui_demo.cpp */,
			);
			name = imgui;
			sourceTree = "<group>";
		};
		6015598183F049CEB0194953 /* lib */ = {
			isa = PBXGroup;
			children = (
				F9170EE377B547BD961538E7 /* imgui */,
			);
			name = lib;
			sourceTree = "<group>";
		};
		9E3FD538E2C54C67A9831724 /* src */ = {
			isa = PBXGroup;
			children = (
				18251BE93C864B2CAEBD1BE8 /* CinderImGui.cpp */,
			);
			name = src;
			sourceTree = "<group>";
		};
		7B0F132888EB4DDFB58FDEB4 /* ImGui */ = {
			isa = PBXGroup;
			children = (
				351737B42B2B4C848E166158 /* include */,
				6015598183F049CEB0194953 /* lib */,
				9E3FD538E2C54C67A9831724 /* src */,
			);
			name = ImGui;
			sourceTree = "<group>";
		};
		EFC18961500A4416B1138DAC /* include */ = {
			isa = PBXGroup;
			children = (
				624ACE3B815247AA9F4FDE4B /* CinderMidi.h */,
				8BFE490D3A594C5394BE52A8 /* MidiExceptions.h */,
				8D10A136929B4CBD8986D848 /* MidiHub.h */,
				51AD43347DA94291AD23E1E8 /* MidiOut.h */,
			);
			name = include;
			sourceTree = "<group>";
		};
		FBCFC352FC454A7E8320E800 /* lib */ = {
			isa = PBXGroup;
			children = (
				596C194CFB9546438527AA6A /* RtMidi.h */,
				B65BFF3A48A54C938CD28544 /* RtMidi.cpp */,
			);
			name = lib;
			sourceTree = "<group>";
		};
		9579410F8EFB4C628B39AAB5 /* src */ = {
			isa = PBXGroup;
			children = (
				1E00D320C570474EA732A78A /* MidiHub.cpp */,
				DB65E0F3F7F44D1FB01C33D3 /* CinderMidi.cpp */,
				E5A52ACCDBB8482A8AFEAF12 /* MidiOut.cpp */,
			);
			name = src;
			sourceTree = "<group>";
		};
		ACFA3ABADF714941A675B3E6 /* Midi2 */ = {
			isa = PBXGroup;
			children = (
				EFC18961500A4416B1138DAC /* include */,
				FBCFC352FC454A7E8320E800 /* lib */,
				9579410F8EFB4C628B39AAB5 /* src */,
			);
			name = Midi2;
			sourceTree = "<group>";
		};
		CD4C170360034A37931EB30B /* src */ = {
			isa = PBXGroup;
			children = (
				3864016C2528427188A4C830 /* cinderSyphon.h */,
				991C2BE324644F6F91560FD3 /* syphonClient.h */,
				021D57E7A970428F9F619B46 /* syphonServer.h */,
				F5C4D4404C4D415F947FC1A8 /* syphonServerDirectory.h */,
				C0CD9E883AF641EAAE7735C0 /* syphonClient.mm */,
				D50987DEAE034C63BD0F45AE /* syphonServer.mm */,
				419D50511C664891BD2BE384 /* syphonServerDirectory.mm */,
			);
			name = src;
			sourceTree = "<group>";
		};
		2C33C04F34E34A458747CE43 /* lib */ = {
			isa = PBXGroup;
			children = (
				43F5B54E036F4525BCB40434 /* SyphonNameboundClient.h */,
				1972BFA01C774610B53C17C4 /* SyphonNameboundClient.m */,
				C3C0E3E80D4E4BB4896770A6 /* Syphon.framework */,
			);
			name = lib;
			sourceTree = "<group>";
		};
		3C2EAF6A0F6F49B9A739D8BE /* Syphon */ = {
			isa = PBXGroup;
			children = (
				CD4C170360034A37931EB30B /* src */,
				2C33C04F34E34A458747CE43 /* lib */,
			);
			name = Syphon;
			sourceTree = "<group>";
		};
		63B7531FDBBF4FD796BE7FB3 /* include */ = {
			isa = PBXGroup;
			children = (
				FC92B0F43DAA4E7D9C65EE8D /* LiveParam.h */,
				E1F86E3386EB4C8C9A12B733 /* VDAnimation.h */,
				A6233D23A06749B7AE278F50 /* VDLog.h */,
				BB252D29A89A45EDB977B8B5 /* VDSession.h */,
				683DD9D8AB684B78A6736943 /* VDSettings.h */,
				4A0D6C97D66A4541908EEE53 /* VDUtils.h */,
				BC096F3CD0664C56AE727434 /* Watchdog.h */,
			);
			name = include;
			sourceTree = "<group>";
		};
		7EE4E66799B04017890520E5 /* src */ = {
			isa = PBXGroup;
			children = (
				0450C1FB89E04908961E2F47 /* LiveParam.cpp */,
				4C14AAF2A712470C9667401D /* VDAnimation.cpp */,
				76A41D2CDD87408486CC5FEB /* VDLog.cpp */,
				F34C385CDE4E4B80A80F21C0 /* VDSession.cpp */,
				E0C2F4BAF6104610AC3CA9C2 /* VDSettings.cpp */,
				BA98212AD7234C998C846E7A /* VDUtils.cpp */,
			);
			name = src;
			sourceTree = "<group>";
		};
		4B3D3DD2A6554EFFAA465CCC /* Videodromm */ = {
			isa = PBXGroup;
			children = (
				63B7531FDBBF4FD796BE7FB3 /* include */,
				7EE4E66799B04017890520E5 /* src */,
			);
			name = Videodromm;
			sourceTree = "<group>";
		};
		69A940D592CE4A389CDEA8CE /* include */ = {
			isa = PBXGroup;
			children = (
				49CD2B57A2404A00BBA367FB /* VDFbo.h */,
				7502FB9CB3CB4EF4A8A61862 /* VDMix.h */,
			);
			name = include;
			sourceTree = "<group>";
		};
		D10FE7FFEFE14662B1E32454 /* src */ = {
			isa = PBXGroup;
			children = (
				E02C15D0854246268AE1D88B /* VDFbo.cpp */,
				594B54B2B02F4412A58B57A5 /* VDMix.cpp */,
			);
			name = src;
			sourceTree = "<group>";
		};
		C2482742494D4A7695CB2306 /* Videodromm-Fbos */ = {
			isa = PBXGroup;
			children = (
				69A940D592CE4A389CDEA8CE /* include */,
				D10FE7FFEFE14662B1E32454 /* src */,
			);
			name = "Videodromm-Fbos";
			sourceTree = "<group>";
		};
		67D214DC729E4357B9C9E405 /* include */ = {
			isa = PBXGroup;
			children = (
				96353C0DB3AA435DBB46890F /* VDHapCodecMovie.h */,
			);
			name = include;
			sourceTree = "<group>";
		};
		F741D976DB8D4CC4AACC7F95 /* src */ = {
			isa = PBXGroup;
			children = (
				6DD9BCB9A46E4811BD37B6E3 /* VDHapCodecMovie.cpp */,
			);
			name = src;
			sourceTree = "<group>";
		};
		90AAF40A93884F0BBE08686E /* Videodromm-HapCodecVideo */ = {
			isa = PBXGroup;
			children = (
				67D214DC729E4357B9C9E405 /* include */,
				F741D976DB8D4CC4AACC7F95 /* src */,
			);
			name = "Videodromm-HapCodecVideo";
			sourceTree = "<group>";
		};
		429CFDC32B0C4F1AA9F4D7F5 /* include */ = {
			isa = PBXGroup;
			children = (
				F7E1E8DFA40041E18511A0EA /* VDRouter.h */,
			);
			name = include;
			sourceTree = "<group>";
		};
		042FC380EBA74D3AA4152A25 /* src */ = {
			isa = PBXGroup;
			children = (
				F463D47F78A14948BDC2A611 /* VDRouter.cpp */,
			);
			name = src;
			sourceTree = "<group>";
		};
		1B448E35620A43B4B0DC7CF7 /* Videodromm-Router */ = {
			isa = PBXGroup;
			children = (
				429CFDC32B0C4F1AA9F4D7F5 /* include */,
				042FC380EBA74D3AA4152A25 /* src */,
			);
			name = "Videodromm-Router";
			sourceTree = "<group>";
		};
		AC97570D464F4A7C8447DDD7 /* include */ = {
			isa = PBXGroup;
			children = (
				2C06F00943064D0CA4BDF236 /* VDTexture.h */,
			);
			name = include;
			sourceTree = "<group>";
		};
		3230DCDE501D49B6A61F5F0C /* src */ = {
			isa = PBXGroup;
			children = (
				3C440304B2F84B6A874194B3 /* VDTexture.cpp */,
			);
			name = src;
			sourceTree = "<group>";
		};
		07A58A83BAC04115B53D12CD /* Videodromm-Textures */ = {
			isa = PBXGroup;
			children = (
				AC97570D464F4A7C8447DDD7 /* include */,
				3230DCDE501D49B6A61F5F0C /* src */,
			);
			name = "Videodromm-Textures";
			sourceTree = "<group>";
		};
		C2B2F3D94EBD411884E25C34 /* include */ = {
			isa = PBXGroup;
			children = (
				11B8E8D134B14101BBD87844 /* VDConsole.h */,
			);
			name = include;
			sourceTree = "<group>";
		};
		2F70130C05DB40E09CC8F7A3 /* src */ = {
			isa = PBXGroup;
			children = (
				B1DE6E6FDD9F4DBEA6A34B92 /* VDConsole.cpp */,
			);
			name = src;
			sourceTree = "<group>";
		};
		0CEDC759685740C78D69F6E7 /* Videodromm-UI */ = {
			isa = PBXGroup;
			children = (
				C2B2F3D94EBD411884E25C34 /* include */,
				2F70130C05DB40E09CC8F7A3 /* src */,
			);
			name = "Videodromm-UI";
			sourceTree = "<group>";
		};
		865203BAE8264DA7B4FE9989 /* include */ = {
			isa = PBXGroup;
			children = (
				0E4D002D94E54716A0992ACA /* VDWarp.h */,
			);
			name = include;
			sourceTree = "<group>";
		};
		D1A3A44D771B4B7CBB2302BD /* src */ = {
			isa = PBXGroup;
			children = (
				3D7CD7D89F604F58AE37F367 /* VDWarp.cpp */,
			);
			name = src;
			sourceTree = "<group>";
		};
		21EDF44471F946A4BC29BB83 /* Videodromm-Warps */ = {
			isa = PBXGroup;
			children = (
				865203BAE8264DA7B4FE9989 /* include */,
				D1A3A44D771B4B7CBB2302BD /* src */,
			);
			name = "Videodromm-Warps";
			sourceTree = "<group>";
		};
		9DDEB2DE236E4B5A9D9B9346 /* include */ = {
			isa = PBXGroup;
			children = (
				A134407708C94B3299D3DC6F /* Warp.h */,
			);
			name = include;
			sourceTree = "<group>";
		};
		8C00C47D12E74F1D8A9CA4C0 /* src */ = {
			isa = PBXGroup;
			children = (
				240EC8EE448146ACABF1E62D /* Warp.cpp */,
				C8496DAACA07421FA68E66FC /* WarpBilinear.cpp */,
				29BB659B03B84BFAB2B94186 /* WarpPerspective.cpp */,
				2AAB24E8503D49EB9318BA6C /* WarpPerspectiveBilinear.cpp */,
			);
			name = src;
			sourceTree = "<group>";
		};
		DA02924B4EBF41B2B2189447 /* Cinder-Warping */ = {
			isa = PBXGroup;
			children = (
				9DDEB2DE236E4B5A9D9B9346 /* include */,
				8C00C47D12E74F1D8A9CA4C0 /* src */,
			);
			name = "Cinder-Warping";
			sourceTree = "<group>";
		};
		B4F8D6EA607F4720A3CD0A16 /* src */ = {
			isa = PBXGroup;
			children = (
				5F4B36CD68A24F54A6B867BD /* WebSocketClient.cpp */,
				EA641D213C0244CEA5E37205 /* WebSocketConnection.cpp */,
				4FC62541CA744321BFE8630C /* WebSocketServer.cpp */,
				E94FC6BBD45A445180DC335E /* WebSocketClient.h */,
				EE3C3FDA8DFC41EEB5956CB5 /* WebSocketConnection.h */,
				E095A2CB32704AA3ABBDC797 /* WebSocketServer.h */,
			);
			name = src;
			sourceTree = "<group>";
		};
		157583AF72D24AF58BD37865 /* Cinder-WebSocketPP */ = {
			isa = PBXGroup;
			children = (
				B4F8D6EA607F4720A3CD0A16 /* src */,
			);
			name = "Cinder-WebSocketPP";
			sourceTree = "<group>";
		};
		B5DD57D84B3A49F6B5692D71 /* src */ = {
			isa = PBXGroup;
			children = (
				BDCAD22A27FF47A4AD880093 /* Osc.cpp */,
				0636EABB920349728110894E /* Osc.h */,
			);
			name = src;
			sourceTree = "<group>";
		};
		AF6D3941CA584B7DB2DAF8AD /* OSC */ = {
			isa = PBXGroup;
			children = (
				B5DD57D84B3A49F6B5692D71 /* src */,
			);
			name = OSC;
			sourceTree = "<group>";
		};
		41E521A4E74F4F2B84B7C7B7 /* include */ = {
			isa = PBXGroup;
			children = (
				ABBDEDD8A1904F0ABB15440E /* UnionJack.h */,
			);
			name = include;
			sourceTree = "<group>";
		};
		C583F029D8AC4A41961A55A4 /* src */ = {
			isa = PBXGroup;
			children = (
				574B9F8E0D4C4C449E70AA7E /* UnionJack.cpp */,
			);
			name = src;
			sourceTree = "<group>";
		};
		99526FCFA82041D1A48EA38B /* UnionJack */ = {
			isa = PBXGroup;
			children = (
				41E521A4E74F4F2B84B7C7B7 /* include */,
				C583F029D8AC4A41961A55A4 /* src */,
			);
			name = UnionJack;
			sourceTree = "<group>";
		};
		01B97315FEAEA392516A2CEA /* Blocks */ = {
			isa = PBXGroup;
			children = (
				7D070D577C864565AB633F86 /* Cinder-Hap2 */,
				7B0F132888EB4DDFB58FDEB4 /* ImGui */,
				ACFA3ABADF714941A675B3E6 /* Midi2 */,
				3C2EAF6A0F6F49B9A739D8BE /* Syphon */,
				4B3D3DD2A6554EFFAA465CCC /* Videodromm */,
				C2482742494D4A7695CB2306 /* Videodromm-Fbos */,
				90AAF40A93884F0BBE08686E /* Videodromm-HapCodecVideo */,
				1B448E35620A43B4B0DC7CF7 /* Videodromm-Router */,
				07A58A83BAC04115B53D12CD /* Videodromm-Textures */,
				0CEDC759685740C78D69F6E7 /* Videodromm-UI */,
				21EDF44471F946A4BC29BB83 /* Videodromm-Warps */,
				DA02924B4EBF41B2B2189447 /* Cinder-Warping */,
				157583AF72D24AF58BD37865 /* Cinder-WebSocketPP */,
				AF6D3941CA584B7DB2DAF8AD /* OSC */,
				99526FCFA82041D1A48EA38B /* UnionJack */,
			);
			name = Blocks;
			sourceTree = "<group>";
		};
		29B97315FDCFA39411CA2CEA /* Headers */ = {
			isa = PBXGroup;
			children = (
				7CE90041528A46338B0A5BFA /* Resources.h */,
				8E55F497AE414AAF891AD348 /* VideodrommController_Prefix.pch */,
			);
			name = Headers;
			sourceTree = "<group>";
		};
		29B97317FDCFA39411CA2CEA /* Resources */ = {
			isa = PBXGroup;
			children = (
				7743EBFCBEC64522BCA8A620 /* CinderApp.icns */,
				268B05713D3F45DEAE62ABB3 /* Info.plist */,
			);
			name = Resources;
			sourceTree = "<group>";
		};
		29B97323FDCFA39411CA2CEA /* Frameworks */ = {
			isa = PBXGroup;
			children = (
				1058C7A0FEA54F0111CA2CBB /* Linked Frameworks */,
				1058C7A2FEA54F0111CA2CBB /* Other Frameworks */,
				31C3684C2B9F49C5A8D5EF8C /* QuickTime.framework */,
				95AC6664718B45668E04CF69 /* CoreMIDI.framework */,
			);
			name = Frameworks;
			sourceTree = "<group>";
		};
/* End PBXGroup section */

/* Begin PBXNativeTarget section */
		8D1107260486CEB800E47090 /* VideodrommController */ = {
			isa = PBXNativeTarget;
			buildConfigurationList = C01FCF4A08A954540054247B /* Build configuration list for PBXNativeTarget "VideodrommController" */;
			buildPhases = (
				8D1107290486CEB800E47090 /* Resources */,
				8D11072C0486CEB800E47090 /* Sources */,
				8D11072E0486CEB800E47090 /* Frameworks */,
				202164BC970B4014975C6797 /* CopyFiles */,
			);
			buildRules = (
			);
			dependencies = (
			);
			name = VideodrommController;
			productInstallPath = "$(HOME)/Applications";
			productName = VideodrommController;
			productReference = 8D1107320486CEB800E47090 /* VideodrommController.app */;
			productType = "com.apple.product-type.application";
		};
/* End PBXNativeTarget section */

/* Begin PBXProject section */
		29B97313FDCFA39411CA2CEA /* Project object */ = {
			isa = PBXProject;
			buildConfigurationList = C01FCF4E08A954540054247B /* Build configuration list for PBXProject "VideodrommController" */;
			compatibilityVersion = "Xcode 3.2";
			developmentRegion = English;
			hasScannedForEncodings = 1;
			knownRegions = (
				English,
				Japanese,
				French,
				German,
			);
			mainGroup = 29B97314FDCFA39411CA2CEA /* VideodrommController */;
			projectDirPath = "";
			projectRoot = "";
			targets = (
				8D1107260486CEB800E47090 /* VideodrommController */,
			);
		};
/* End PBXProject section */

/* Begin PBXResourcesBuildPhase section */
		8D1107290486CEB800E47090 /* Resources */ = {
			isa = PBXResourcesBuildPhase;
			buildActionMask = 2147483647;
			files = (
				6961923FE3A541728374DCF4 /* CinderApp.icns in Resources */,
				B2B0D98883054D12924177C3 /* ScaledCoCgYToRGBA.vert in Resources */,
				06229C8877C544CC9410F0A7 /* ScaledCoCgYToRGBA.frag in Resources */,
			);
			runOnlyForDeploymentPostprocessing = 0;
		};
/* End PBXResourcesBuildPhase section */

/* Begin PBXSourcesBuildPhase section */
		8D11072C0486CEB800E47090 /* Sources */ = {
			isa = PBXSourcesBuildPhase;
			buildActionMask = 2147483647;
			files = (
				0669140D376443E48D55EE9A /* VideodrommControllerApp.cpp in Sources */,
				2E23062EFDB949DBACE5147C /* MovieHap.cpp in Sources */,
				CCEC733F6D30487D97F8F999 /* HapSupport.c in Sources */,
				24A5B1E0C56445FBA9270C98 /* CinderImGui.cpp in Sources */,
				1280035D20184FC8A1A9B933 /* imgui.cpp in Sources */,
				9FE2C041186E4136814F5974 /* imgui_draw.cpp in Sources */,
				B0E828A2EF0240BBB955CB72 /* imgui_demo.cpp in Sources */,
				66FC0A623D774A0282E922BE /* RtMidi.cpp in Sources */,
				361BC22260C4440AB3FA9D79 /* MidiHub.cpp in Sources */,
				D8CDC3E004D444D8B83DB48F /* CinderMidi.cpp in Sources */,
				2FA124D9A50D414797AA60AE /* MidiOut.cpp in Sources */,
				FB22A37012A947028D50446C /* syphonClient.mm in Sources */,
				575AF88458EF49BCA9A54A36 /* syphonServer.mm in Sources */,
				437F16DAC1BC475297E26512 /* syphonServerDirectory.mm in Sources */,
				F12031C71FF345C2A8341AC2 /* SyphonNameboundClient.m in Sources */,
				C24B869508574A60A4F9D64E /* LiveParam.cpp in Sources */,
				07027704B8B6452C9DC7E864 /* VDAnimation.cpp in Sources */,
				C8F080341E794695B1A4262F /* VDLog.cpp in Sources */,
				110A4B562EFA4E0E8652D26B /* VDSession.cpp in Sources */,
				14C3655866CD420C95AF323A /* VDSettings.cpp in Sources */,
				53A1A2CE3AB84470A5F75497 /* VDUtils.cpp in Sources */,
				3E40108004B9423B98CE6FBC /* VDFbo.cpp in Sources */,
				60A9E54038874FE5A19043D8 /* VDMix.cpp in Sources */,
				E4A4A78EE3A14863B98DFCC0 /* VDHapCodecMovie.cpp in Sources */,
				4EC3ACD9444945BFBEDE974F /* VDRouter.cpp in Sources */,
				B0353BB5E6BA4FA4BDFCDCFD /* VDTexture.cpp in Sources */,
				A373D76A86E649AFA3A0EC85 /* VDConsole.cpp in Sources */,
				C654D20B7DD14845967233AE /* VDWarp.cpp in Sources */,
				A6BD7E785D4F43EFA51FC292 /* Warp.cpp in Sources */,
				0B382EAE646046C796B2A6DF /* WarpBilinear.cpp in Sources */,
				D0CAD51FC3254029BDD30FAB /* WarpPerspective.cpp in Sources */,
				8EE63A7DED4543A990D29F89 /* WarpPerspectiveBilinear.cpp in Sources */,
				9D83518A1DA24EC6AAA02470 /* WebSocketClient.cpp in Sources */,
				7999E0D86CCE484DAAEB14AB /* WebSocketConnection.cpp in Sources */,
				F4BB6625E8EE4972A542D24A /* WebSocketServer.cpp in Sources */,
				C08F0FEFE30D4BFAAD458B09 /* Osc.cpp in Sources */,
				F6E5EC39EDA440A5A46406E8 /* UnionJack.cpp in Sources */,
			);
			runOnlyForDeploymentPostprocessing = 0;
		};
/* End PBXSourcesBuildPhase section */

/* Begin XCBuildConfiguration section */
		C01FCF4B08A954540054247B /* Debug */ = {
			isa = XCBuildConfiguration;
			buildSettings = {
				COMBINE_HIDPI_IMAGES = YES;
				DEAD_CODE_STRIPPING = YES;
				COPY_PHASE_STRIP = NO;
				GCC_DYNAMIC_NO_PIC = NO;
				GCC_INLINES_ARE_PRIVATE_EXTERN = YES;
				GCC_OPTIMIZATION_LEVEL = 0;
				GCC_PREPROCESSOR_DEFINITIONS = (
					"DEBUG=1",
					"$(inherited)",
				);
				GCC_PRECOMPILE_PREFIX_HEADER = YES;
				GCC_PREFIX_HEADER = VideodrommController_Prefix.pch;
				GCC_SYMBOLS_PRIVATE_EXTERN = NO;
				INFOPLIST_FILE = Info.plist;
				INSTALL_PATH = "$(HOME)/Applications";
				OTHER_LDFLAGS = "\"$(CINDER_PATH)/lib/libcinder_d.a\"";
				PRODUCT_BUNDLE_IDENTIFIER = "org.libcinder.${PRODUCT_NAME:rfc1034identifier}";
				PRODUCT_NAME = VideodrommController;
				SYMROOT = ./build;
				WRAPPER_EXTENSION = app;
				FRAMEWORK_SEARCH_PATHS = (
					"\"../../../Cinder/blocks/Cinder-Syphon/lib\"",
				);
			};
			name = Debug;
		};
		C01FCF4C08A954540054247B /* Release */ = {
			isa = XCBuildConfiguration;
			buildSettings = {
				COMBINE_HIDPI_IMAGES = YES;
				DEAD_CODE_STRIPPING = YES;
				DEBUG_INFORMATION_FORMAT = "dwarf-with-dsym";
				GCC_FAST_MATH = YES;
				GCC_GENERATE_DEBUGGING_SYMBOLS = NO;
				GCC_INLINES_ARE_PRIVATE_EXTERN = YES;
				GCC_OPTIMIZATION_LEVEL = 3;
				GCC_PREPROCESSOR_DEFINITIONS = (
					"NDEBUG=1",
					"$(inherited)",
				);
				GCC_PRECOMPILE_PREFIX_HEADER = YES;
				GCC_PREFIX_HEADER = VideodrommController_Prefix.pch;
				GCC_SYMBOLS_PRIVATE_EXTERN = NO;
				INFOPLIST_FILE = Info.plist;
				INSTALL_PATH = "$(HOME)/Applications";
				OTHER_LDFLAGS = "\"$(CINDER_PATH)/lib/libcinder.a\"";
				PRODUCT_BUNDLE_IDENTIFIER = "org.libcinder.${PRODUCT_NAME:rfc1034identifier}";
				PRODUCT_NAME = VideodrommController;
				STRIP_INSTALLED_PRODUCT = YES;
				SYMROOT = ./build;
				WRAPPER_EXTENSION = app;
				FRAMEWORK_SEARCH_PATHS = (
					"\"../../../Cinder/blocks/Cinder-Syphon/lib\"",
				);
			};
			name = Release;
		};
		C01FCF4F08A954540054247B /* Debug */ = {
			isa = XCBuildConfiguration;
			buildSettings = {
				ALWAYS_SEARCH_USER_PATHS = NO;
				CINDER_PATH = "../../../Cinder";
				CLANG_CXX_LANGUAGE_STANDARD = "c++11";
				CLANG_CXX_LIBRARY = "libc++";
				ENABLE_TESTABILITY = YES;
				GCC_WARN_ABOUT_RETURN_TYPE = YES;
				GCC_WARN_UNUSED_VARIABLE = YES;
				HEADER_SEARCH_PATHS = (
					"\"$(CINDER_PATH)/include\"",
					"\"../../../Cinder/blocks/Cinder-WebSocketPP/src\"",
				);
				MACOSX_DEPLOYMENT_TARGET = 10.8;
				ONLY_ACTIVE_ARCH = YES;
				SDKROOT = macosx;
				USER_HEADER_SEARCH_PATHS = (
					"\"$(CINDER_PATH)/include\" ../include",
					"\"../../../Cinder/blocks/Cinder-Hap2/src\"",
					"\"../../../Cinder/blocks/Cinder-ImGui/lib/imgui\"",
					"\"../../../Cinder/blocks/Cinder-ImGui/include\"",
					"\"../../../Cinder/blocks/Cinder-MIDI2/include\"",
					"\"../../../Cinder/blocks/Cinder-MIDI2/lib\"",
					"\"../../../Cinder/blocks/Cinder-MIDI2/src\"",
					"\"../../../Cinder/blocks/Cinder-Videodromm/include\"",
					"\"../../../Cinder/blocks/Cinder-Videodromm/src\"",
					"\"../../../Cinder/blocks/Cinder-Videodromm-Fbos/include\"",
					"\"../../../Cinder/blocks/Cinder-Videodromm-Fbos/src\"",
					"\"../../../Cinder/blocks/Cinder-Videodromm-HapCodecVideo/include\"",
					"\"../../../Cinder/blocks/Cinder-Videodromm-HapCodecVideo/src\"",
					"\"../../../Cinder/blocks/Cinder-Videodromm-Router/include\"",
					"\"../../../Cinder/blocks/Cinder-Videodromm-Router/src\"",
					"\"../../../Cinder/blocks/Cinder-Videodromm-Textures/include\"",
					"\"../../../Cinder/blocks/Cinder-Videodromm-Textures/src\"",
					"\"../../../Cinder/blocks/Cinder-Videodromm-UI/include\"",
					"\"../../../Cinder/blocks/Cinder-Videodromm-UI/src\"",
					"\"../../../Cinder/blocks/Cinder-Videodromm-Warps/include\"",
					"\"../../../Cinder/blocks/Cinder-Videodromm-Warps/src\"",
					"\"../blocks/Cinder-Warping/include\"",
					../../../Cinder/include/asio,
					../../../Cinder/blocks/OSC/src,
					../../../Cinder/blocks/QuickTime/include,
					../../../Cinder/blocks/UnionJack/include,
				);
			};
			name = Debug;
		};
		C01FCF5008A954540054247B /* Release */ = {
			isa = XCBuildConfiguration;
			buildSettings = {
				ALWAYS_SEARCH_USER_PATHS = NO;
				CINDER_PATH = "../../../Cinder";
				CLANG_CXX_LANGUAGE_STANDARD = "c++11";
				CLANG_CXX_LIBRARY = "libc++";
				GCC_WARN_ABOUT_RETURN_TYPE = YES;
				GCC_WARN_UNUSED_VARIABLE = YES;
				HEADER_SEARCH_PATHS = (
					"\"$(CINDER_PATH)/include\"",
					"\"../../../Cinder/blocks/Cinder-WebSocketPP/src\"",
				);
				MACOSX_DEPLOYMENT_TARGET = 10.8;
				SDKROOT = macosx;
				USER_HEADER_SEARCH_PATHS = (
					"\"$(CINDER_PATH)/include\" ../include",
					"\"../../../Cinder/blocks/Cinder-Hap2/src\"",
					"\"../../../Cinder/blocks/Cinder-ImGui/lib/imgui\"",
					"\"../../../Cinder/blocks/Cinder-ImGui/include\"",
					"\"../../../Cinder/blocks/Cinder-MIDI2/include\"",
					"\"../../../Cinder/blocks/Cinder-MIDI2/lib\"",
					"\"../../../Cinder/blocks/Cinder-MIDI2/src\"",
					"\"../../../Cinder/blocks/Cinder-Videodromm/include\"",
					"\"../../../Cinder/blocks/Cinder-Videodromm/src\"",
					"\"../../../Cinder/blocks/Cinder-Videodromm-Fbos/include\"",
					"\"../../../Cinder/blocks/Cinder-Videodromm-Fbos/src\"",
					"\"../../../Cinder/blocks/Cinder-Videodromm-HapCodecVideo/include\"",
					"\"../../../Cinder/blocks/Cinder-Videodromm-HapCodecVideo/src\"",
					"\"../../../Cinder/blocks/Cinder-Videodromm-Router/include\"",
					"\"../../../Cinder/blocks/Cinder-Videodromm-Router/src\"",
					"\"../../../Cinder/blocks/Cinder-Videodromm-Textures/include\"",
					"\"../../../Cinder/blocks/Cinder-Videodromm-Textures/src\"",
					"\"../../../Cinder/blocks/Cinder-Videodromm-UI/include\"",
					"\"../../../Cinder/blocks/Cinder-Videodromm-UI/src\"",
					"\"../../../Cinder/blocks/Cinder-Videodromm-Warps/include\"",
					"\"../../../Cinder/blocks/Cinder-Videodromm-Warps/src\"",
					"\"../blocks/Cinder-Warping/include\"",
					../../../Cinder/include/asio,
					../../../Cinder/blocks/OSC/src,
					../../../Cinder/blocks/QuickTime/include,
					../../../Cinder/blocks/UnionJack/include,
				);
			};
			name = Release;
		};
/* End XCBuildConfiguration section */

/* Begin XCConfigurationList section */
		C01FCF4A08A954540054247B /* Build configuration list for PBXNativeTarget "VideodrommController" */ = {
			isa = XCConfigurationList;
			buildConfigurations = (
				C01FCF4B08A954540054247B /* Debug */,
				C01FCF4C08A954540054247B /* Release */,
			);
			defaultConfigurationIsVisible = 0;
			defaultConfigurationName = Release;
		};
		C01FCF4E08A954540054247B /* Build configuration list for PBXProject "VideodrommController" */ = {
			isa = XCConfigurationList;
			buildConfigurations = (
				C01FCF4F08A954540054247B /* Debug */,
				C01FCF5008A954540054247B /* Release */,
			);
			defaultConfigurationIsVisible = 0;
			defaultConfigurationName = Release;
		};
/* End XCConfigurationList section */
		202164BC970B4014975C6797 /* Copy Files */ = {
			isa = PBXCopyFilesBuildPhase;
			buildActionMask = 2147483647;
			dstPath = "";
			dstSubfolderSpec = 10;
			files = (
				6E9065CF12C44427B4DCD29C /* Syphon.framework in CopyFiles */,
			);
			runOnlyForDeploymentPostprocessing = 0;
		};
	};
	rootObject = 29B97313FDCFA39411CA2CEA /* Project object */;
}
